// !$*UTF8*$!
{
	archiveVersion = 1;
	classes = {
	};
	objectVersion = 56;
	objects = {

/* Begin PBXBuildFile section */
		189B35F561C2885243B9384B /* Pods_MyTunesTests.framework in Frameworks */ = {isa = PBXBuildFile; fileRef = 74A036A5A6F1A50E67233FF5 /* Pods_MyTunesTests.framework */; };
		6F22AA47E70CE29F64D1DC9B /* Pods_MyTunes_MyTunesUITests.framework in Frameworks */ = {isa = PBXBuildFile; fileRef = 9DDD93CE4114C7DF20D4515F /* Pods_MyTunes_MyTunesUITests.framework */; };
		944B3EB24CA521AEF7297D7F /* Pods_MyTunes.framework in Frameworks */ = {isa = PBXBuildFile; fileRef = 9A7FB6772A6CE663E4730450 /* Pods_MyTunes.framework */; };
		F0D376532951F9C7007503F4 /* AppDelegate.swift in Sources */ = {isa = PBXBuildFile; fileRef = F0D376522951F9C7007503F4 /* AppDelegate.swift */; };
		F0D376552951F9C7007503F4 /* SceneDelegate.swift in Sources */ = {isa = PBXBuildFile; fileRef = F0D376542951F9C7007503F4 /* SceneDelegate.swift */; };
		F0D376572951F9C7007503F4 /* ViewController.swift in Sources */ = {isa = PBXBuildFile; fileRef = F0D376562951F9C7007503F4 /* ViewController.swift */; };
		F0D3765A2951F9C7007503F4 /* Main.storyboard in Resources */ = {isa = PBXBuildFile; fileRef = F0D376582951F9C7007503F4 /* Main.storyboard */; };
		F0D3765C2951F9C8007503F4 /* Assets.xcassets in Resources */ = {isa = PBXBuildFile; fileRef = F0D3765B2951F9C8007503F4 /* Assets.xcassets */; };
		F0D3765F2951F9C8007503F4 /* LaunchScreen.storyboard in Resources */ = {isa = PBXBuildFile; fileRef = F0D3765D2951F9C8007503F4 /* LaunchScreen.storyboard */; };
		F0D3766A2951F9C8007503F4 /* MyTunesTests.swift in Sources */ = {isa = PBXBuildFile; fileRef = F0D376692951F9C8007503F4 /* MyTunesTests.swift */; };
		F0D376742951F9C8007503F4 /* MyTunesUITests.swift in Sources */ = {isa = PBXBuildFile; fileRef = F0D376732951F9C8007503F4 /* MyTunesUITests.swift */; };
		F0D376762951F9C8007503F4 /* MyTunesUITestsLaunchTests.swift in Sources */ = {isa = PBXBuildFile; fileRef = F0D376752951F9C8007503F4 /* MyTunesUITestsLaunchTests.swift */; };
		F0D3768B2951FD18007503F4 /* STNetwork.docc in Sources */ = {isa = PBXBuildFile; fileRef = F0D3768A2951FD18007503F4 /* STNetwork.docc */; };
		F0D376912951FD18007503F4 /* STNetwork.framework in Frameworks */ = {isa = PBXBuildFile; fileRef = F0D376872951FD18007503F4 /* STNetwork.framework */; };
		F0D376982951FD18007503F4 /* STNetworkTests.swift in Sources */ = {isa = PBXBuildFile; fileRef = F0D376972951FD18007503F4 /* STNetworkTests.swift */; };
		F0D376992951FD18007503F4 /* STNetwork.h in Headers */ = {isa = PBXBuildFile; fileRef = F0D376892951FD18007503F4 /* STNetwork.h */; settings = {ATTRIBUTES = (Public, ); }; };
		F0D3769C2951FD18007503F4 /* STNetwork.framework in Frameworks */ = {isa = PBXBuildFile; fileRef = F0D376872951FD18007503F4 /* STNetwork.framework */; };
		F0D3769D2951FD18007503F4 /* STNetwork.framework in Embed Frameworks */ = {isa = PBXBuildFile; fileRef = F0D376872951FD18007503F4 /* STNetwork.framework */; settings = {ATTRIBUTES = (CodeSignOnCopy, RemoveHeadersOnCopy, ); }; };
		F0D376AE2951FD2D007503F4 /* STEntities.docc in Sources */ = {isa = PBXBuildFile; fileRef = F0D376AD2951FD2D007503F4 /* STEntities.docc */; };
		F0D376B42951FD2D007503F4 /* STEntities.framework in Frameworks */ = {isa = PBXBuildFile; fileRef = F0D376AA2951FD2D007503F4 /* STEntities.framework */; };
		F0D376BB2951FD2D007503F4 /* STEntitiesTests.swift in Sources */ = {isa = PBXBuildFile; fileRef = F0D376BA2951FD2D007503F4 /* STEntitiesTests.swift */; };
		F0D376BC2951FD2D007503F4 /* STEntities.h in Headers */ = {isa = PBXBuildFile; fileRef = F0D376AC2951FD2D007503F4 /* STEntities.h */; settings = {ATTRIBUTES = (Public, ); }; };
		F0D376BF2951FD2D007503F4 /* STEntities.framework in Frameworks */ = {isa = PBXBuildFile; fileRef = F0D376AA2951FD2D007503F4 /* STEntities.framework */; };
		F0D376C02951FD2D007503F4 /* STEntities.framework in Embed Frameworks */ = {isa = PBXBuildFile; fileRef = F0D376AA2951FD2D007503F4 /* STEntities.framework */; settings = {ATTRIBUTES = (CodeSignOnCopy, RemoveHeadersOnCopy, ); }; };
		F0D376D02951FD5A007503F4 /* STComponents.docc in Sources */ = {isa = PBXBuildFile; fileRef = F0D376CF2951FD5A007503F4 /* STComponents.docc */; };
		F0D376D62951FD5A007503F4 /* STComponents.framework in Frameworks */ = {isa = PBXBuildFile; fileRef = F0D376CC2951FD5A007503F4 /* STComponents.framework */; };
		F0D376DD2951FD5A007503F4 /* STComponentsTests.swift in Sources */ = {isa = PBXBuildFile; fileRef = F0D376DC2951FD5A007503F4 /* STComponentsTests.swift */; };
		F0D376DE2951FD5A007503F4 /* STComponents.h in Headers */ = {isa = PBXBuildFile; fileRef = F0D376CE2951FD5A007503F4 /* STComponents.h */; settings = {ATTRIBUTES = (Public, ); }; };
		F0D376E12951FD5A007503F4 /* STComponents.framework in Frameworks */ = {isa = PBXBuildFile; fileRef = F0D376CC2951FD5A007503F4 /* STComponents.framework */; };
		F0D376E22951FD5A007503F4 /* STComponents.framework in Embed Frameworks */ = {isa = PBXBuildFile; fileRef = F0D376CC2951FD5A007503F4 /* STComponents.framework */; settings = {ATTRIBUTES = (CodeSignOnCopy, RemoveHeadersOnCopy, ); }; };
		F0D376F22951FD6B007503F4 /* STCore.docc in Sources */ = {isa = PBXBuildFile; fileRef = F0D376F12951FD6B007503F4 /* STCore.docc */; };
		F0D376F82951FD6C007503F4 /* STCore.framework in Frameworks */ = {isa = PBXBuildFile; fileRef = F0D376EE2951FD6B007503F4 /* STCore.framework */; };
		F0D376FF2951FD6C007503F4 /* STCoreTests.swift in Sources */ = {isa = PBXBuildFile; fileRef = F0D376FE2951FD6C007503F4 /* STCoreTests.swift */; };
		F0D377002951FD6C007503F4 /* STCore.h in Headers */ = {isa = PBXBuildFile; fileRef = F0D376F02951FD6B007503F4 /* STCore.h */; settings = {ATTRIBUTES = (Public, ); }; };
		F0D377032951FD6C007503F4 /* STCore.framework in Frameworks */ = {isa = PBXBuildFile; fileRef = F0D376EE2951FD6B007503F4 /* STCore.framework */; };
		F0D377042951FD6C007503F4 /* STCore.framework in Embed Frameworks */ = {isa = PBXBuildFile; fileRef = F0D376EE2951FD6B007503F4 /* STCore.framework */; settings = {ATTRIBUTES = (CodeSignOnCopy, RemoveHeadersOnCopy, ); }; };
/* End PBXBuildFile section */

/* Begin PBXContainerItemProxy section */
		F0D376662951F9C8007503F4 /* PBXContainerItemProxy */ = {
			isa = PBXContainerItemProxy;
			containerPortal = F0D376472951F9C7007503F4 /* Project object */;
			proxyType = 1;
			remoteGlobalIDString = F0D3764E2951F9C7007503F4;
			remoteInfo = MyTunes;
		};
		F0D376702951F9C8007503F4 /* PBXContainerItemProxy */ = {
			isa = PBXContainerItemProxy;
			containerPortal = F0D376472951F9C7007503F4 /* Project object */;
			proxyType = 1;
			remoteGlobalIDString = F0D3764E2951F9C7007503F4;
			remoteInfo = MyTunes;
		};
		F0D376922951FD18007503F4 /* PBXContainerItemProxy */ = {
			isa = PBXContainerItemProxy;
			containerPortal = F0D376472951F9C7007503F4 /* Project object */;
			proxyType = 1;
			remoteGlobalIDString = F0D376862951FD18007503F4;
			remoteInfo = STNetwork;
		};
		F0D376942951FD18007503F4 /* PBXContainerItemProxy */ = {
			isa = PBXContainerItemProxy;
			containerPortal = F0D376472951F9C7007503F4 /* Project object */;
			proxyType = 1;
			remoteGlobalIDString = F0D3764E2951F9C7007503F4;
			remoteInfo = MyTunes;
		};
		F0D3769A2951FD18007503F4 /* PBXContainerItemProxy */ = {
			isa = PBXContainerItemProxy;
			containerPortal = F0D376472951F9C7007503F4 /* Project object */;
			proxyType = 1;
			remoteGlobalIDString = F0D376862951FD18007503F4;
			remoteInfo = STNetwork;
		};
		F0D376B52951FD2D007503F4 /* PBXContainerItemProxy */ = {
			isa = PBXContainerItemProxy;
			containerPortal = F0D376472951F9C7007503F4 /* Project object */;
			proxyType = 1;
			remoteGlobalIDString = F0D376A92951FD2D007503F4;
			remoteInfo = STEntities;
		};
		F0D376B72951FD2D007503F4 /* PBXContainerItemProxy */ = {
			isa = PBXContainerItemProxy;
			containerPortal = F0D376472951F9C7007503F4 /* Project object */;
			proxyType = 1;
			remoteGlobalIDString = F0D3764E2951F9C7007503F4;
			remoteInfo = MyTunes;
		};
		F0D376BD2951FD2D007503F4 /* PBXContainerItemProxy */ = {
			isa = PBXContainerItemProxy;
			containerPortal = F0D376472951F9C7007503F4 /* Project object */;
			proxyType = 1;
			remoteGlobalIDString = F0D376A92951FD2D007503F4;
			remoteInfo = STEntities;
		};
		F0D376D72951FD5A007503F4 /* PBXContainerItemProxy */ = {
			isa = PBXContainerItemProxy;
			containerPortal = F0D376472951F9C7007503F4 /* Project object */;
			proxyType = 1;
			remoteGlobalIDString = F0D376CB2951FD5A007503F4;
			remoteInfo = STComponents;
		};
		F0D376D92951FD5A007503F4 /* PBXContainerItemProxy */ = {
			isa = PBXContainerItemProxy;
			containerPortal = F0D376472951F9C7007503F4 /* Project object */;
			proxyType = 1;
			remoteGlobalIDString = F0D3764E2951F9C7007503F4;
			remoteInfo = MyTunes;
		};
		F0D376DF2951FD5A007503F4 /* PBXContainerItemProxy */ = {
			isa = PBXContainerItemProxy;
			containerPortal = F0D376472951F9C7007503F4 /* Project object */;
			proxyType = 1;
			remoteGlobalIDString = F0D376CB2951FD5A007503F4;
			remoteInfo = STComponents;
		};
		F0D376F92951FD6C007503F4 /* PBXContainerItemProxy */ = {
			isa = PBXContainerItemProxy;
			containerPortal = F0D376472951F9C7007503F4 /* Project object */;
			proxyType = 1;
			remoteGlobalIDString = F0D376ED2951FD6B007503F4;
			remoteInfo = STCore;
		};
		F0D376FB2951FD6C007503F4 /* PBXContainerItemProxy */ = {
			isa = PBXContainerItemProxy;
			containerPortal = F0D376472951F9C7007503F4 /* Project object */;
			proxyType = 1;
			remoteGlobalIDString = F0D3764E2951F9C7007503F4;
			remoteInfo = MyTunes;
		};
		F0D377012951FD6C007503F4 /* PBXContainerItemProxy */ = {
			isa = PBXContainerItemProxy;
			containerPortal = F0D376472951F9C7007503F4 /* Project object */;
			proxyType = 1;
			remoteGlobalIDString = F0D376ED2951FD6B007503F4;
			remoteInfo = STCore;
		};
/* End PBXContainerItemProxy section */

/* Begin PBXCopyFilesBuildPhase section */
		F0D3769E2951FD18007503F4 /* Embed Frameworks */ = {
			isa = PBXCopyFilesBuildPhase;
			buildActionMask = 2147483647;
			dstPath = "";
			dstSubfolderSpec = 10;
			files = (
				F0D377042951FD6C007503F4 /* STCore.framework in Embed Frameworks */,
				F0D376C02951FD2D007503F4 /* STEntities.framework in Embed Frameworks */,
				F0D376E22951FD5A007503F4 /* STComponents.framework in Embed Frameworks */,
				F0D3769D2951FD18007503F4 /* STNetwork.framework in Embed Frameworks */,
			);
			name = "Embed Frameworks";
			runOnlyForDeploymentPostprocessing = 0;
		};
/* End PBXCopyFilesBuildPhase section */

/* Begin PBXFileReference section */
		1B68F58B75B887039ECB8C40 /* Pods-MyTunesTests.debug.xcconfig */ = {isa = PBXFileReference; includeInIndex = 1; lastKnownFileType = text.xcconfig; name = "Pods-MyTunesTests.debug.xcconfig"; path = "Target Support Files/Pods-MyTunesTests/Pods-MyTunesTests.debug.xcconfig"; sourceTree = "<group>"; };
		2540DFD11D99D94C260F78B6 /* Pods-MyTunes-MyTunesUITests.release.xcconfig */ = {isa = PBXFileReference; includeInIndex = 1; lastKnownFileType = text.xcconfig; name = "Pods-MyTunes-MyTunesUITests.release.xcconfig"; path = "Target Support Files/Pods-MyTunes-MyTunesUITests/Pods-MyTunes-MyTunesUITests.release.xcconfig"; sourceTree = "<group>"; };
		389EA640F70D204493D361E4 /* Pods-MyTunes.release.xcconfig */ = {isa = PBXFileReference; includeInIndex = 1; lastKnownFileType = text.xcconfig; name = "Pods-MyTunes.release.xcconfig"; path = "Target Support Files/Pods-MyTunes/Pods-MyTunes.release.xcconfig"; sourceTree = "<group>"; };
		4E66E174308CE8B749DA4AF4 /* Pods-MyTunes.debug.xcconfig */ = {isa = PBXFileReference; includeInIndex = 1; lastKnownFileType = text.xcconfig; name = "Pods-MyTunes.debug.xcconfig"; path = "Target Support Files/Pods-MyTunes/Pods-MyTunes.debug.xcconfig"; sourceTree = "<group>"; };
		74A036A5A6F1A50E67233FF5 /* Pods_MyTunesTests.framework */ = {isa = PBXFileReference; explicitFileType = wrapper.framework; includeInIndex = 0; path = Pods_MyTunesTests.framework; sourceTree = BUILT_PRODUCTS_DIR; };
		8E5B435773835CB8969BDCA2 /* Pods-MyTunes-MyTunesUITests.debug.xcconfig */ = {isa = PBXFileReference; includeInIndex = 1; lastKnownFileType = text.xcconfig; name = "Pods-MyTunes-MyTunesUITests.debug.xcconfig"; path = "Target Support Files/Pods-MyTunes-MyTunesUITests/Pods-MyTunes-MyTunesUITests.debug.xcconfig"; sourceTree = "<group>"; };
		9A7FB6772A6CE663E4730450 /* Pods_MyTunes.framework */ = {isa = PBXFileReference; explicitFileType = wrapper.framework; includeInIndex = 0; path = Pods_MyTunes.framework; sourceTree = BUILT_PRODUCTS_DIR; };
		9DDD93CE4114C7DF20D4515F /* Pods_MyTunes_MyTunesUITests.framework */ = {isa = PBXFileReference; explicitFileType = wrapper.framework; includeInIndex = 0; path = Pods_MyTunes_MyTunesUITests.framework; sourceTree = BUILT_PRODUCTS_DIR; };
		D01A56964A0AD87B610A8ECB /* Pods-MyTunesTests.release.xcconfig */ = {isa = PBXFileReference; includeInIndex = 1; lastKnownFileType = text.xcconfig; name = "Pods-MyTunesTests.release.xcconfig"; path = "Target Support Files/Pods-MyTunesTests/Pods-MyTunesTests.release.xcconfig"; sourceTree = "<group>"; };
		F0D3764F2951F9C7007503F4 /* MyTunes.app */ = {isa = PBXFileReference; explicitFileType = wrapper.application; includeInIndex = 0; path = MyTunes.app; sourceTree = BUILT_PRODUCTS_DIR; };
		F0D376522951F9C7007503F4 /* AppDelegate.swift */ = {isa = PBXFileReference; lastKnownFileType = sourcecode.swift; path = AppDelegate.swift; sourceTree = "<group>"; };
		F0D376542951F9C7007503F4 /* SceneDelegate.swift */ = {isa = PBXFileReference; lastKnownFileType = sourcecode.swift; path = SceneDelegate.swift; sourceTree = "<group>"; };
		F0D376562951F9C7007503F4 /* ViewController.swift */ = {isa = PBXFileReference; lastKnownFileType = sourcecode.swift; path = ViewController.swift; sourceTree = "<group>"; };
		F0D376592951F9C7007503F4 /* Base */ = {isa = PBXFileReference; lastKnownFileType = file.storyboard; name = Base; path = Base.lproj/Main.storyboard; sourceTree = "<group>"; };
		F0D3765B2951F9C8007503F4 /* Assets.xcassets */ = {isa = PBXFileReference; lastKnownFileType = folder.assetcatalog; path = Assets.xcassets; sourceTree = "<group>"; };
		F0D3765E2951F9C8007503F4 /* Base */ = {isa = PBXFileReference; lastKnownFileType = file.storyboard; name = Base; path = Base.lproj/LaunchScreen.storyboard; sourceTree = "<group>"; };
		F0D376602951F9C8007503F4 /* Info.plist */ = {isa = PBXFileReference; lastKnownFileType = text.plist.xml; path = Info.plist; sourceTree = "<group>"; };
		F0D376652951F9C8007503F4 /* MyTunesTests.xctest */ = {isa = PBXFileReference; explicitFileType = wrapper.cfbundle; includeInIndex = 0; path = MyTunesTests.xctest; sourceTree = BUILT_PRODUCTS_DIR; };
		F0D376692951F9C8007503F4 /* MyTunesTests.swift */ = {isa = PBXFileReference; lastKnownFileType = sourcecode.swift; path = MyTunesTests.swift; sourceTree = "<group>"; };
		F0D3766F2951F9C8007503F4 /* MyTunesUITests.xctest */ = {isa = PBXFileReference; explicitFileType = wrapper.cfbundle; includeInIndex = 0; path = MyTunesUITests.xctest; sourceTree = BUILT_PRODUCTS_DIR; };
		F0D376732951F9C8007503F4 /* MyTunesUITests.swift */ = {isa = PBXFileReference; lastKnownFileType = sourcecode.swift; path = MyTunesUITests.swift; sourceTree = "<group>"; };
		F0D376752951F9C8007503F4 /* MyTunesUITestsLaunchTests.swift */ = {isa = PBXFileReference; lastKnownFileType = sourcecode.swift; path = MyTunesUITestsLaunchTests.swift; sourceTree = "<group>"; };
		F0D376872951FD18007503F4 /* STNetwork.framework */ = {isa = PBXFileReference; explicitFileType = wrapper.framework; includeInIndex = 0; path = STNetwork.framework; sourceTree = BUILT_PRODUCTS_DIR; };
		F0D376892951FD18007503F4 /* STNetwork.h */ = {isa = PBXFileReference; lastKnownFileType = sourcecode.c.h; path = STNetwork.h; sourceTree = "<group>"; };
		F0D3768A2951FD18007503F4 /* STNetwork.docc */ = {isa = PBXFileReference; lastKnownFileType = folder.documentationcatalog; path = STNetwork.docc; sourceTree = "<group>"; };
		F0D376902951FD18007503F4 /* STNetworkTests.xctest */ = {isa = PBXFileReference; explicitFileType = wrapper.cfbundle; includeInIndex = 0; path = STNetworkTests.xctest; sourceTree = BUILT_PRODUCTS_DIR; };
		F0D376972951FD18007503F4 /* STNetworkTests.swift */ = {isa = PBXFileReference; lastKnownFileType = sourcecode.swift; path = STNetworkTests.swift; sourceTree = "<group>"; };
		F0D376AA2951FD2D007503F4 /* STEntities.framework */ = {isa = PBXFileReference; explicitFileType = wrapper.framework; includeInIndex = 0; path = STEntities.framework; sourceTree = BUILT_PRODUCTS_DIR; };
		F0D376AC2951FD2D007503F4 /* STEntities.h */ = {isa = PBXFileReference; lastKnownFileType = sourcecode.c.h; path = STEntities.h; sourceTree = "<group>"; };
		F0D376AD2951FD2D007503F4 /* STEntities.docc */ = {isa = PBXFileReference; lastKnownFileType = folder.documentationcatalog; path = STEntities.docc; sourceTree = "<group>"; };
		F0D376B32951FD2D007503F4 /* STEntitiesTests.xctest */ = {isa = PBXFileReference; explicitFileType = wrapper.cfbundle; includeInIndex = 0; path = STEntitiesTests.xctest; sourceTree = BUILT_PRODUCTS_DIR; };
		F0D376BA2951FD2D007503F4 /* STEntitiesTests.swift */ = {isa = PBXFileReference; lastKnownFileType = sourcecode.swift; path = STEntitiesTests.swift; sourceTree = "<group>"; };
		F0D376CC2951FD5A007503F4 /* STComponents.framework */ = {isa = PBXFileReference; explicitFileType = wrapper.framework; includeInIndex = 0; path = STComponents.framework; sourceTree = BUILT_PRODUCTS_DIR; };
		F0D376CE2951FD5A007503F4 /* STComponents.h */ = {isa = PBXFileReference; lastKnownFileType = sourcecode.c.h; path = STComponents.h; sourceTree = "<group>"; };
		F0D376CF2951FD5A007503F4 /* STComponents.docc */ = {isa = PBXFileReference; lastKnownFileType = folder.documentationcatalog; path = STComponents.docc; sourceTree = "<group>"; };
		F0D376D52951FD5A007503F4 /* STComponentsTests.xctest */ = {isa = PBXFileReference; explicitFileType = wrapper.cfbundle; includeInIndex = 0; path = STComponentsTests.xctest; sourceTree = BUILT_PRODUCTS_DIR; };
		F0D376DC2951FD5A007503F4 /* STComponentsTests.swift */ = {isa = PBXFileReference; lastKnownFileType = sourcecode.swift; path = STComponentsTests.swift; sourceTree = "<group>"; };
		F0D376EE2951FD6B007503F4 /* STCore.framework */ = {isa = PBXFileReference; explicitFileType = wrapper.framework; includeInIndex = 0; path = STCore.framework; sourceTree = BUILT_PRODUCTS_DIR; };
		F0D376F02951FD6B007503F4 /* STCore.h */ = {isa = PBXFileReference; lastKnownFileType = sourcecode.c.h; path = STCore.h; sourceTree = "<group>"; };
		F0D376F12951FD6B007503F4 /* STCore.docc */ = {isa = PBXFileReference; lastKnownFileType = folder.documentationcatalog; path = STCore.docc; sourceTree = "<group>"; };
		F0D376F72951FD6C007503F4 /* STCoreTests.xctest */ = {isa = PBXFileReference; explicitFileType = wrapper.cfbundle; includeInIndex = 0; path = STCoreTests.xctest; sourceTree = BUILT_PRODUCTS_DIR; };
		F0D376FE2951FD6C007503F4 /* STCoreTests.swift */ = {isa = PBXFileReference; lastKnownFileType = sourcecode.swift; path = STCoreTests.swift; sourceTree = "<group>"; };
/* End PBXFileReference section */

/* Begin PBXFrameworksBuildPhase section */
		F0D3764C2951F9C7007503F4 /* Frameworks */ = {
			isa = PBXFrameworksBuildPhase;
			buildActionMask = 2147483647;
			files = (
				F0D3769C2951FD18007503F4 /* STNetwork.framework in Frameworks */,
				F0D376BF2951FD2D007503F4 /* STEntities.framework in Frameworks */,
				944B3EB24CA521AEF7297D7F /* Pods_MyTunes.framework in Frameworks */,
				F0D376E12951FD5A007503F4 /* STComponents.framework in Frameworks */,
				F0D377032951FD6C007503F4 /* STCore.framework in Frameworks */,
			);
			runOnlyForDeploymentPostprocessing = 0;
		};
		F0D376622951F9C8007503F4 /* Frameworks */ = {
			isa = PBXFrameworksBuildPhase;
			buildActionMask = 2147483647;
			files = (
				189B35F561C2885243B9384B /* Pods_MyTunesTests.framework in Frameworks */,
			);
			runOnlyForDeploymentPostprocessing = 0;
		};
		F0D3766C2951F9C8007503F4 /* Frameworks */ = {
			isa = PBXFrameworksBuildPhase;
			buildActionMask = 2147483647;
			files = (
				6F22AA47E70CE29F64D1DC9B /* Pods_MyTunes_MyTunesUITests.framework in Frameworks */,
			);
			runOnlyForDeploymentPostprocessing = 0;
		};
		F0D376842951FD18007503F4 /* Frameworks */ = {
			isa = PBXFrameworksBuildPhase;
			buildActionMask = 2147483647;
			files = (
			);
			runOnlyForDeploymentPostprocessing = 0;
		};
		F0D3768D2951FD18007503F4 /* Frameworks */ = {
			isa = PBXFrameworksBuildPhase;
			buildActionMask = 2147483647;
			files = (
				F0D376912951FD18007503F4 /* STNetwork.framework in Frameworks */,
			);
			runOnlyForDeploymentPostprocessing = 0;
		};
		F0D376A72951FD2D007503F4 /* Frameworks */ = {
			isa = PBXFrameworksBuildPhase;
			buildActionMask = 2147483647;
			files = (
			);
			runOnlyForDeploymentPostprocessing = 0;
		};
		F0D376B02951FD2D007503F4 /* Frameworks */ = {
			isa = PBXFrameworksBuildPhase;
			buildActionMask = 2147483647;
			files = (
				F0D376B42951FD2D007503F4 /* STEntities.framework in Frameworks */,
			);
			runOnlyForDeploymentPostprocessing = 0;
		};
		F0D376C92951FD5A007503F4 /* Frameworks */ = {
			isa = PBXFrameworksBuildPhase;
			buildActionMask = 2147483647;
			files = (
			);
			runOnlyForDeploymentPostprocessing = 0;
		};
		F0D376D22951FD5A007503F4 /* Frameworks */ = {
			isa = PBXFrameworksBuildPhase;
			buildActionMask = 2147483647;
			files = (
				F0D376D62951FD5A007503F4 /* STComponents.framework in Frameworks */,
			);
			runOnlyForDeploymentPostprocessing = 0;
		};
		F0D376EB2951FD6B007503F4 /* Frameworks */ = {
			isa = PBXFrameworksBuildPhase;
			buildActionMask = 2147483647;
			files = (
			);
			runOnlyForDeploymentPostprocessing = 0;
		};
		F0D376F42951FD6C007503F4 /* Frameworks */ = {
			isa = PBXFrameworksBuildPhase;
			buildActionMask = 2147483647;
			files = (
				F0D376F82951FD6C007503F4 /* STCore.framework in Frameworks */,
			);
			runOnlyForDeploymentPostprocessing = 0;
		};
/* End PBXFrameworksBuildPhase section */

/* Begin PBXGroup section */
		6CD2D15B39CB7907C76ECA05 /* Frameworks */ = {
			isa = PBXGroup;
			children = (
				9A7FB6772A6CE663E4730450 /* Pods_MyTunes.framework */,
				9DDD93CE4114C7DF20D4515F /* Pods_MyTunes_MyTunesUITests.framework */,
				74A036A5A6F1A50E67233FF5 /* Pods_MyTunesTests.framework */,
			);
			name = Frameworks;
			sourceTree = "<group>";
		};
		B72FE0F43116D5FF5A725454 /* Pods */ = {
			isa = PBXGroup;
			children = (
				4E66E174308CE8B749DA4AF4 /* Pods-MyTunes.debug.xcconfig */,
				389EA640F70D204493D361E4 /* Pods-MyTunes.release.xcconfig */,
				8E5B435773835CB8969BDCA2 /* Pods-MyTunes-MyTunesUITests.debug.xcconfig */,
				2540DFD11D99D94C260F78B6 /* Pods-MyTunes-MyTunesUITests.release.xcconfig */,
				1B68F58B75B887039ECB8C40 /* Pods-MyTunesTests.debug.xcconfig */,
				D01A56964A0AD87B610A8ECB /* Pods-MyTunesTests.release.xcconfig */,
			);
			path = Pods;
			sourceTree = "<group>";
		};
		F0D376462951F9C7007503F4 = {
			isa = PBXGroup;
			children = (
				F0D376512951F9C7007503F4 /* MyTunes */,
				F0D376682951F9C8007503F4 /* MyTunesTests */,
				F0D376722951F9C8007503F4 /* MyTunesUITests */,
				F0D376882951FD18007503F4 /* STNetwork */,
				F0D376962951FD18007503F4 /* STNetworkTests */,
				F0D376AB2951FD2D007503F4 /* STEntities */,
				F0D376B92951FD2D007503F4 /* STEntitiesTests */,
				F0D376CD2951FD5A007503F4 /* STComponents */,
				F0D376DB2951FD5A007503F4 /* STComponentsTests */,
				F0D376EF2951FD6B007503F4 /* STCore */,
				F0D376FD2951FD6C007503F4 /* STCoreTests */,
				F0D376502951F9C7007503F4 /* Products */,
				B72FE0F43116D5FF5A725454 /* Pods */,
				6CD2D15B39CB7907C76ECA05 /* Frameworks */,
			);
			sourceTree = "<group>";
		};
		F0D376502951F9C7007503F4 /* Products */ = {
			isa = PBXGroup;
			children = (
				F0D3764F2951F9C7007503F4 /* MyTunes.app */,
				F0D376652951F9C8007503F4 /* MyTunesTests.xctest */,
				F0D3766F2951F9C8007503F4 /* MyTunesUITests.xctest */,
				F0D376872951FD18007503F4 /* STNetwork.framework */,
				F0D376902951FD18007503F4 /* STNetworkTests.xctest */,
				F0D376AA2951FD2D007503F4 /* STEntities.framework */,
				F0D376B32951FD2D007503F4 /* STEntitiesTests.xctest */,
				F0D376CC2951FD5A007503F4 /* STComponents.framework */,
				F0D376D52951FD5A007503F4 /* STComponentsTests.xctest */,
				F0D376EE2951FD6B007503F4 /* STCore.framework */,
				F0D376F72951FD6C007503F4 /* STCoreTests.xctest */,
			);
			name = Products;
			sourceTree = "<group>";
		};
		F0D376512951F9C7007503F4 /* MyTunes */ = {
			isa = PBXGroup;
			children = (
				F0D376522951F9C7007503F4 /* AppDelegate.swift */,
				F0D376542951F9C7007503F4 /* SceneDelegate.swift */,
				F0D376562951F9C7007503F4 /* ViewController.swift */,
				F0D376582951F9C7007503F4 /* Main.storyboard */,
				F0D3765B2951F9C8007503F4 /* Assets.xcassets */,
				F0D3765D2951F9C8007503F4 /* LaunchScreen.storyboard */,
				F0D376602951F9C8007503F4 /* Info.plist */,
			);
			path = MyTunes;
			sourceTree = "<group>";
		};
		F0D376682951F9C8007503F4 /* MyTunesTests */ = {
			isa = PBXGroup;
			children = (
				F0D376692951F9C8007503F4 /* MyTunesTests.swift */,
			);
			path = MyTunesTests;
			sourceTree = "<group>";
		};
		F0D376722951F9C8007503F4 /* MyTunesUITests */ = {
			isa = PBXGroup;
			children = (
				F0D376732951F9C8007503F4 /* MyTunesUITests.swift */,
				F0D376752951F9C8007503F4 /* MyTunesUITestsLaunchTests.swift */,
			);
			path = MyTunesUITests;
			sourceTree = "<group>";
		};
		F0D376882951FD18007503F4 /* STNetwork */ = {
			isa = PBXGroup;
			children = (
				F0D376892951FD18007503F4 /* STNetwork.h */,
				F0D3768A2951FD18007503F4 /* STNetwork.docc */,
			);
			path = STNetwork;
			sourceTree = "<group>";
		};
		F0D376962951FD18007503F4 /* STNetworkTests */ = {
			isa = PBXGroup;
			children = (
				F0D376972951FD18007503F4 /* STNetworkTests.swift */,
			);
			path = STNetworkTests;
			sourceTree = "<group>";
		};
		F0D376AB2951FD2D007503F4 /* STEntities */ = {
			isa = PBXGroup;
			children = (
				F0D376AC2951FD2D007503F4 /* STEntities.h */,
				F0D376AD2951FD2D007503F4 /* STEntities.docc */,
			);
			path = STEntities;
			sourceTree = "<group>";
		};
		F0D376B92951FD2D007503F4 /* STEntitiesTests */ = {
			isa = PBXGroup;
			children = (
				F0D376BA2951FD2D007503F4 /* STEntitiesTests.swift */,
			);
			path = STEntitiesTests;
			sourceTree = "<group>";
		};
		F0D376CD2951FD5A007503F4 /* STComponents */ = {
			isa = PBXGroup;
			children = (
				F0D376CE2951FD5A007503F4 /* STComponents.h */,
				F0D376CF2951FD5A007503F4 /* STComponents.docc */,
			);
			path = STComponents;
			sourceTree = "<group>";
		};
		F0D376DB2951FD5A007503F4 /* STComponentsTests */ = {
			isa = PBXGroup;
			children = (
				F0D376DC2951FD5A007503F4 /* STComponentsTests.swift */,
			);
			path = STComponentsTests;
			sourceTree = "<group>";
		};
		F0D376EF2951FD6B007503F4 /* STCore */ = {
			isa = PBXGroup;
			children = (
				F0D376F02951FD6B007503F4 /* STCore.h */,
				F0D376F12951FD6B007503F4 /* STCore.docc */,
			);
			path = STCore;
			sourceTree = "<group>";
		};
		F0D376FD2951FD6C007503F4 /* STCoreTests */ = {
			isa = PBXGroup;
			children = (
				F0D376FE2951FD6C007503F4 /* STCoreTests.swift */,
			);
			path = STCoreTests;
			sourceTree = "<group>";
		};
/* End PBXGroup section */

/* Begin PBXHeadersBuildPhase section */
		F0D376822951FD18007503F4 /* Headers */ = {
			isa = PBXHeadersBuildPhase;
			buildActionMask = 2147483647;
			files = (
				F0D376992951FD18007503F4 /* STNetwork.h in Headers */,
			);
			runOnlyForDeploymentPostprocessing = 0;
		};
		F0D376A52951FD2D007503F4 /* Headers */ = {
			isa = PBXHeadersBuildPhase;
			buildActionMask = 2147483647;
			files = (
				F0D376BC2951FD2D007503F4 /* STEntities.h in Headers */,
			);
			runOnlyForDeploymentPostprocessing = 0;
		};
		F0D376C72951FD5A007503F4 /* Headers */ = {
			isa = PBXHeadersBuildPhase;
			buildActionMask = 2147483647;
			files = (
				F0D376DE2951FD5A007503F4 /* STComponents.h in Headers */,
			);
			runOnlyForDeploymentPostprocessing = 0;
		};
		F0D376E92951FD6B007503F4 /* Headers */ = {
			isa = PBXHeadersBuildPhase;
			buildActionMask = 2147483647;
			files = (
				F0D377002951FD6C007503F4 /* STCore.h in Headers */,
			);
			runOnlyForDeploymentPostprocessing = 0;
		};
/* End PBXHeadersBuildPhase section */

/* Begin PBXNativeTarget section */
		F0D3764E2951F9C7007503F4 /* MyTunes */ = {
			isa = PBXNativeTarget;
			buildConfigurationList = F0D376792951F9C8007503F4 /* Build configuration list for PBXNativeTarget "MyTunes" */;
			buildPhases = (
				D0FDF1EE3DA38EBF3A6EFCB8 /* [CP] Check Pods Manifest.lock */,
				F0D3764B2951F9C7007503F4 /* Sources */,
				F0D3764C2951F9C7007503F4 /* Frameworks */,
				F0D3764D2951F9C7007503F4 /* Resources */,
				582619EF706860A275701787 /* [CP] Embed Pods Frameworks */,
				F0D3769E2951FD18007503F4 /* Embed Frameworks */,
			);
			buildRules = (
			);
			dependencies = (
				F0D3769B2951FD18007503F4 /* PBXTargetDependency */,
				F0D376BE2951FD2D007503F4 /* PBXTargetDependency */,
				F0D376E02951FD5A007503F4 /* PBXTargetDependency */,
				F0D377022951FD6C007503F4 /* PBXTargetDependency */,
			);
			name = MyTunes;
			productName = MyTunes;
			productReference = F0D3764F2951F9C7007503F4 /* MyTunes.app */;
			productType = "com.apple.product-type.application";
		};
		F0D376642951F9C8007503F4 /* MyTunesTests */ = {
			isa = PBXNativeTarget;
			buildConfigurationList = F0D3767C2951F9C8007503F4 /* Build configuration list for PBXNativeTarget "MyTunesTests" */;
			buildPhases = (
				214D84DF9A9873F0D219D78F /* [CP] Check Pods Manifest.lock */,
				F0D376612951F9C8007503F4 /* Sources */,
				F0D376622951F9C8007503F4 /* Frameworks */,
				F0D376632951F9C8007503F4 /* Resources */,
			);
			buildRules = (
			);
			dependencies = (
				F0D376672951F9C8007503F4 /* PBXTargetDependency */,
			);
			name = MyTunesTests;
			productName = MyTunesTests;
			productReference = F0D376652951F9C8007503F4 /* MyTunesTests.xctest */;
			productType = "com.apple.product-type.bundle.unit-test";
		};
		F0D3766E2951F9C8007503F4 /* MyTunesUITests */ = {
			isa = PBXNativeTarget;
			buildConfigurationList = F0D3767F2951F9C8007503F4 /* Build configuration list for PBXNativeTarget "MyTunesUITests" */;
			buildPhases = (
				0C28624EFC40E3EBAEFAED03 /* [CP] Check Pods Manifest.lock */,
				F0D3766B2951F9C8007503F4 /* Sources */,
				F0D3766C2951F9C8007503F4 /* Frameworks */,
				F0D3766D2951F9C8007503F4 /* Resources */,
				00CA85E4BED8C018FC800194 /* [CP] Embed Pods Frameworks */,
			);
			buildRules = (
			);
			dependencies = (
				F0D376712951F9C8007503F4 /* PBXTargetDependency */,
			);
			name = MyTunesUITests;
			productName = MyTunesUITests;
			productReference = F0D3766F2951F9C8007503F4 /* MyTunesUITests.xctest */;
			productType = "com.apple.product-type.bundle.ui-testing";
		};
		F0D376862951FD18007503F4 /* STNetwork */ = {
			isa = PBXNativeTarget;
			buildConfigurationList = F0D376A32951FD18007503F4 /* Build configuration list for PBXNativeTarget "STNetwork" */;
			buildPhases = (
				F0D376822951FD18007503F4 /* Headers */,
				F0D376832951FD18007503F4 /* Sources */,
				F0D376842951FD18007503F4 /* Frameworks */,
				F0D376852951FD18007503F4 /* Resources */,
			);
			buildRules = (
			);
			dependencies = (
			);
			name = STNetwork;
			productName = STNetwork;
			productReference = F0D376872951FD18007503F4 /* STNetwork.framework */;
			productType = "com.apple.product-type.framework";
		};
		F0D3768F2951FD18007503F4 /* STNetworkTests */ = {
			isa = PBXNativeTarget;
			buildConfigurationList = F0D376A42951FD18007503F4 /* Build configuration list for PBXNativeTarget "STNetworkTests" */;
			buildPhases = (
				F0D3768C2951FD18007503F4 /* Sources */,
				F0D3768D2951FD18007503F4 /* Frameworks */,
				F0D3768E2951FD18007503F4 /* Resources */,
			);
			buildRules = (
			);
			dependencies = (
				F0D376932951FD18007503F4 /* PBXTargetDependency */,
				F0D376952951FD18007503F4 /* PBXTargetDependency */,
			);
			name = STNetworkTests;
			productName = STNetworkTests;
			productReference = F0D376902951FD18007503F4 /* STNetworkTests.xctest */;
			productType = "com.apple.product-type.bundle.unit-test";
		};
		F0D376A92951FD2D007503F4 /* STEntities */ = {
			isa = PBXNativeTarget;
			buildConfigurationList = F0D376C12951FD2D007503F4 /* Build configuration list for PBXNativeTarget "STEntities" */;
			buildPhases = (
				F0D376A52951FD2D007503F4 /* Headers */,
				F0D376A62951FD2D007503F4 /* Sources */,
				F0D376A72951FD2D007503F4 /* Frameworks */,
				F0D376A82951FD2D007503F4 /* Resources */,
			);
			buildRules = (
			);
			dependencies = (
			);
			name = STEntities;
			productName = STEntities;
			productReference = F0D376AA2951FD2D007503F4 /* STEntities.framework */;
			productType = "com.apple.product-type.framework";
		};
		F0D376B22951FD2D007503F4 /* STEntitiesTests */ = {
			isa = PBXNativeTarget;
			buildConfigurationList = F0D376C42951FD2D007503F4 /* Build configuration list for PBXNativeTarget "STEntitiesTests" */;
			buildPhases = (
				F0D376AF2951FD2D007503F4 /* Sources */,
				F0D376B02951FD2D007503F4 /* Frameworks */,
				F0D376B12951FD2D007503F4 /* Resources */,
			);
			buildRules = (
			);
			dependencies = (
				F0D376B62951FD2D007503F4 /* PBXTargetDependency */,
				F0D376B82951FD2D007503F4 /* PBXTargetDependency */,
			);
			name = STEntitiesTests;
			productName = STEntitiesTests;
			productReference = F0D376B32951FD2D007503F4 /* STEntitiesTests.xctest */;
			productType = "com.apple.product-type.bundle.unit-test";
		};
		F0D376CB2951FD5A007503F4 /* STComponents */ = {
			isa = PBXNativeTarget;
			buildConfigurationList = F0D376E32951FD5A007503F4 /* Build configuration list for PBXNativeTarget "STComponents" */;
			buildPhases = (
				F0D376C72951FD5A007503F4 /* Headers */,
				F0D376C82951FD5A007503F4 /* Sources */,
				F0D376C92951FD5A007503F4 /* Frameworks */,
				F0D376CA2951FD5A007503F4 /* Resources */,
			);
			buildRules = (
			);
			dependencies = (
			);
			name = STComponents;
			productName = STComponents;
			productReference = F0D376CC2951FD5A007503F4 /* STComponents.framework */;
			productType = "com.apple.product-type.framework";
		};
		F0D376D42951FD5A007503F4 /* STComponentsTests */ = {
			isa = PBXNativeTarget;
			buildConfigurationList = F0D376E62951FD5A007503F4 /* Build configuration list for PBXNativeTarget "STComponentsTests" */;
			buildPhases = (
				F0D376D12951FD5A007503F4 /* Sources */,
				F0D376D22951FD5A007503F4 /* Frameworks */,
				F0D376D32951FD5A007503F4 /* Resources */,
			);
			buildRules = (
			);
			dependencies = (
				F0D376D82951FD5A007503F4 /* PBXTargetDependency */,
				F0D376DA2951FD5A007503F4 /* PBXTargetDependency */,
			);
			name = STComponentsTests;
			productName = STComponentsTests;
			productReference = F0D376D52951FD5A007503F4 /* STComponentsTests.xctest */;
			productType = "com.apple.product-type.bundle.unit-test";
		};
		F0D376ED2951FD6B007503F4 /* STCore */ = {
			isa = PBXNativeTarget;
			buildConfigurationList = F0D377052951FD6C007503F4 /* Build configuration list for PBXNativeTarget "STCore" */;
			buildPhases = (
				F0D376E92951FD6B007503F4 /* Headers */,
				F0D376EA2951FD6B007503F4 /* Sources */,
				F0D376EB2951FD6B007503F4 /* Frameworks */,
				F0D376EC2951FD6B007503F4 /* Resources */,
			);
			buildRules = (
			);
			dependencies = (
			);
			name = STCore;
			productName = STCore;
			productReference = F0D376EE2951FD6B007503F4 /* STCore.framework */;
			productType = "com.apple.product-type.framework";
		};
		F0D376F62951FD6C007503F4 /* STCoreTests */ = {
			isa = PBXNativeTarget;
			buildConfigurationList = F0D377082951FD6C007503F4 /* Build configuration list for PBXNativeTarget "STCoreTests" */;
			buildPhases = (
				F0D376F32951FD6C007503F4 /* Sources */,
				F0D376F42951FD6C007503F4 /* Frameworks */,
				F0D376F52951FD6C007503F4 /* Resources */,
			);
			buildRules = (
			);
			dependencies = (
				F0D376FA2951FD6C007503F4 /* PBXTargetDependency */,
				F0D376FC2951FD6C007503F4 /* PBXTargetDependency */,
			);
			name = STCoreTests;
			productName = STCoreTests;
			productReference = F0D376F72951FD6C007503F4 /* STCoreTests.xctest */;
			productType = "com.apple.product-type.bundle.unit-test";
		};
/* End PBXNativeTarget section */

/* Begin PBXProject section */
		F0D376472951F9C7007503F4 /* Project object */ = {
			isa = PBXProject;
			attributes = {
				BuildIndependentTargetsInParallel = 1;
				LastSwiftUpdateCheck = 1410;
				LastUpgradeCheck = 1410;
				TargetAttributes = {
					F0D3764E2951F9C7007503F4 = {
						CreatedOnToolsVersion = 14.1;
					};
					F0D376642951F9C8007503F4 = {
						CreatedOnToolsVersion = 14.1;
						TestTargetID = F0D3764E2951F9C7007503F4;
					};
					F0D3766E2951F9C8007503F4 = {
						CreatedOnToolsVersion = 14.1;
						TestTargetID = F0D3764E2951F9C7007503F4;
					};
					F0D376862951FD18007503F4 = {
						CreatedOnToolsVersion = 14.1;
					};
					F0D3768F2951FD18007503F4 = {
						CreatedOnToolsVersion = 14.1;
						TestTargetID = F0D3764E2951F9C7007503F4;
					};
					F0D376A92951FD2D007503F4 = {
						CreatedOnToolsVersion = 14.1;
					};
					F0D376B22951FD2D007503F4 = {
						CreatedOnToolsVersion = 14.1;
						TestTargetID = F0D3764E2951F9C7007503F4;
					};
					F0D376CB2951FD5A007503F4 = {
						CreatedOnToolsVersion = 14.1;
					};
					F0D376D42951FD5A007503F4 = {
						CreatedOnToolsVersion = 14.1;
						TestTargetID = F0D3764E2951F9C7007503F4;
					};
					F0D376ED2951FD6B007503F4 = {
						CreatedOnToolsVersion = 14.1;
					};
					F0D376F62951FD6C007503F4 = {
						CreatedOnToolsVersion = 14.1;
						TestTargetID = F0D3764E2951F9C7007503F4;
					};
				};
			};
			buildConfigurationList = F0D3764A2951F9C7007503F4 /* Build configuration list for PBXProject "MyTunes" */;
			compatibilityVersion = "Xcode 14.0";
			developmentRegion = en;
			hasScannedForEncodings = 0;
			knownRegions = (
				en,
				Base,
			);
			mainGroup = F0D376462951F9C7007503F4;
			productRefGroup = F0D376502951F9C7007503F4 /* Products */;
			projectDirPath = "";
			projectRoot = "";
			targets = (
				F0D3764E2951F9C7007503F4 /* MyTunes */,
				F0D376642951F9C8007503F4 /* MyTunesTests */,
				F0D3766E2951F9C8007503F4 /* MyTunesUITests */,
				F0D376862951FD18007503F4 /* STNetwork */,
				F0D3768F2951FD18007503F4 /* STNetworkTests */,
				F0D376A92951FD2D007503F4 /* STEntities */,
				F0D376B22951FD2D007503F4 /* STEntitiesTests */,
				F0D376CB2951FD5A007503F4 /* STComponents */,
				F0D376D42951FD5A007503F4 /* STComponentsTests */,
				F0D376ED2951FD6B007503F4 /* STCore */,
				F0D376F62951FD6C007503F4 /* STCoreTests */,
			);
		};
/* End PBXProject section */

/* Begin PBXResourcesBuildPhase section */
		F0D3764D2951F9C7007503F4 /* Resources */ = {
			isa = PBXResourcesBuildPhase;
			buildActionMask = 2147483647;
			files = (
				F0D3765F2951F9C8007503F4 /* LaunchScreen.storyboard in Resources */,
				F0D3765C2951F9C8007503F4 /* Assets.xcassets in Resources */,
				F0D3765A2951F9C7007503F4 /* Main.storyboard in Resources */,
			);
			runOnlyForDeploymentPostprocessing = 0;
		};
		F0D376632951F9C8007503F4 /* Resources */ = {
			isa = PBXResourcesBuildPhase;
			buildActionMask = 2147483647;
			files = (
			);
			runOnlyForDeploymentPostprocessing = 0;
		};
		F0D3766D2951F9C8007503F4 /* Resources */ = {
			isa = PBXResourcesBuildPhase;
			buildActionMask = 2147483647;
			files = (
			);
			runOnlyForDeploymentPostprocessing = 0;
		};
		F0D376852951FD18007503F4 /* Resources */ = {
			isa = PBXResourcesBuildPhase;
			buildActionMask = 2147483647;
			files = (
			);
			runOnlyForDeploymentPostprocessing = 0;
		};
		F0D3768E2951FD18007503F4 /* Resources */ = {
			isa = PBXResourcesBuildPhase;
			buildActionMask = 2147483647;
			files = (
			);
			runOnlyForDeploymentPostprocessing = 0;
		};
		F0D376A82951FD2D007503F4 /* Resources */ = {
			isa = PBXResourcesBuildPhase;
			buildActionMask = 2147483647;
			files = (
			);
			runOnlyForDeploymentPostprocessing = 0;
		};
		F0D376B12951FD2D007503F4 /* Resources */ = {
			isa = PBXResourcesBuildPhase;
			buildActionMask = 2147483647;
			files = (
			);
			runOnlyForDeploymentPostprocessing = 0;
		};
		F0D376CA2951FD5A007503F4 /* Resources */ = {
			isa = PBXResourcesBuildPhase;
			buildActionMask = 2147483647;
			files = (
			);
			runOnlyForDeploymentPostprocessing = 0;
		};
		F0D376D32951FD5A007503F4 /* Resources */ = {
			isa = PBXResourcesBuildPhase;
			buildActionMask = 2147483647;
			files = (
			);
			runOnlyForDeploymentPostprocessing = 0;
		};
		F0D376EC2951FD6B007503F4 /* Resources */ = {
			isa = PBXResourcesBuildPhase;
			buildActionMask = 2147483647;
			files = (
			);
			runOnlyForDeploymentPostprocessing = 0;
		};
		F0D376F52951FD6C007503F4 /* Resources */ = {
			isa = PBXResourcesBuildPhase;
			buildActionMask = 2147483647;
			files = (
			);
			runOnlyForDeploymentPostprocessing = 0;
		};
/* End PBXResourcesBuildPhase section */

/* Begin PBXShellScriptBuildPhase section */
		00CA85E4BED8C018FC800194 /* [CP] Embed Pods Frameworks */ = {
			isa = PBXShellScriptBuildPhase;
			buildActionMask = 2147483647;
			files = (
			);
			inputFileListPaths = (
				"${PODS_ROOT}/Target Support Files/Pods-MyTunes-MyTunesUITests/Pods-MyTunes-MyTunesUITests-frameworks-${CONFIGURATION}-input-files.xcfilelist",
			);
			name = "[CP] Embed Pods Frameworks";
			outputFileListPaths = (
				"${PODS_ROOT}/Target Support Files/Pods-MyTunes-MyTunesUITests/Pods-MyTunes-MyTunesUITests-frameworks-${CONFIGURATION}-output-files.xcfilelist",
			);
			runOnlyForDeploymentPostprocessing = 0;
			shellPath = /bin/sh;
			shellScript = "\"${PODS_ROOT}/Target Support Files/Pods-MyTunes-MyTunesUITests/Pods-MyTunes-MyTunesUITests-frameworks.sh\"\n";
			showEnvVarsInLog = 0;
		};
		0C28624EFC40E3EBAEFAED03 /* [CP] Check Pods Manifest.lock */ = {
			isa = PBXShellScriptBuildPhase;
			buildActionMask = 2147483647;
			files = (
			);
			inputFileListPaths = (
			);
			inputPaths = (
				"${PODS_PODFILE_DIR_PATH}/Podfile.lock",
				"${PODS_ROOT}/Manifest.lock",
			);
			name = "[CP] Check Pods Manifest.lock";
			outputFileListPaths = (
			);
			outputPaths = (
				"$(DERIVED_FILE_DIR)/Pods-MyTunes-MyTunesUITests-checkManifestLockResult.txt",
			);
			runOnlyForDeploymentPostprocessing = 0;
			shellPath = /bin/sh;
			shellScript = "diff \"${PODS_PODFILE_DIR_PATH}/Podfile.lock\" \"${PODS_ROOT}/Manifest.lock\" > /dev/null\nif [ $? != 0 ] ; then\n    # print error to STDERR\n    echo \"error: The sandbox is not in sync with the Podfile.lock. Run 'pod install' or update your CocoaPods installation.\" >&2\n    exit 1\nfi\n# This output is used by Xcode 'outputs' to avoid re-running this script phase.\necho \"SUCCESS\" > \"${SCRIPT_OUTPUT_FILE_0}\"\n";
			showEnvVarsInLog = 0;
		};
		214D84DF9A9873F0D219D78F /* [CP] Check Pods Manifest.lock */ = {
			isa = PBXShellScriptBuildPhase;
			buildActionMask = 2147483647;
			files = (
			);
			inputFileListPaths = (
			);
			inputPaths = (
				"${PODS_PODFILE_DIR_PATH}/Podfile.lock",
				"${PODS_ROOT}/Manifest.lock",
			);
			name = "[CP] Check Pods Manifest.lock";
			outputFileListPaths = (
			);
			outputPaths = (
				"$(DERIVED_FILE_DIR)/Pods-MyTunesTests-checkManifestLockResult.txt",
			);
			runOnlyForDeploymentPostprocessing = 0;
			shellPath = /bin/sh;
			shellScript = "diff \"${PODS_PODFILE_DIR_PATH}/Podfile.lock\" \"${PODS_ROOT}/Manifest.lock\" > /dev/null\nif [ $? != 0 ] ; then\n    # print error to STDERR\n    echo \"error: The sandbox is not in sync with the Podfile.lock. Run 'pod install' or update your CocoaPods installation.\" >&2\n    exit 1\nfi\n# This output is used by Xcode 'outputs' to avoid re-running this script phase.\necho \"SUCCESS\" > \"${SCRIPT_OUTPUT_FILE_0}\"\n";
			showEnvVarsInLog = 0;
		};
		582619EF706860A275701787 /* [CP] Embed Pods Frameworks */ = {
			isa = PBXShellScriptBuildPhase;
			buildActionMask = 2147483647;
			files = (
			);
			inputFileListPaths = (
				"${PODS_ROOT}/Target Support Files/Pods-MyTunes/Pods-MyTunes-frameworks-${CONFIGURATION}-input-files.xcfilelist",
			);
			name = "[CP] Embed Pods Frameworks";
			outputFileListPaths = (
				"${PODS_ROOT}/Target Support Files/Pods-MyTunes/Pods-MyTunes-frameworks-${CONFIGURATION}-output-files.xcfilelist",
			);
			runOnlyForDeploymentPostprocessing = 0;
			shellPath = /bin/sh;
			shellScript = "\"${PODS_ROOT}/Target Support Files/Pods-MyTunes/Pods-MyTunes-frameworks.sh\"\n";
			showEnvVarsInLog = 0;
		};
		D0FDF1EE3DA38EBF3A6EFCB8 /* [CP] Check Pods Manifest.lock */ = {
			isa = PBXShellScriptBuildPhase;
			buildActionMask = 2147483647;
			files = (
			);
			inputFileListPaths = (
			);
			inputPaths = (
				"${PODS_PODFILE_DIR_PATH}/Podfile.lock",
				"${PODS_ROOT}/Manifest.lock",
			);
			name = "[CP] Check Pods Manifest.lock";
			outputFileListPaths = (
			);
			outputPaths = (
				"$(DERIVED_FILE_DIR)/Pods-MyTunes-checkManifestLockResult.txt",
			);
			runOnlyForDeploymentPostprocessing = 0;
			shellPath = /bin/sh;
			shellScript = "diff \"${PODS_PODFILE_DIR_PATH}/Podfile.lock\" \"${PODS_ROOT}/Manifest.lock\" > /dev/null\nif [ $? != 0 ] ; then\n    # print error to STDERR\n    echo \"error: The sandbox is not in sync with the Podfile.lock. Run 'pod install' or update your CocoaPods installation.\" >&2\n    exit 1\nfi\n# This output is used by Xcode 'outputs' to avoid re-running this script phase.\necho \"SUCCESS\" > \"${SCRIPT_OUTPUT_FILE_0}\"\n";
			showEnvVarsInLog = 0;
		};
/* End PBXShellScriptBuildPhase section */

/* Begin PBXSourcesBuildPhase section */
		F0D3764B2951F9C7007503F4 /* Sources */ = {
			isa = PBXSourcesBuildPhase;
			buildActionMask = 2147483647;
			files = (
				F0D376572951F9C7007503F4 /* ViewController.swift in Sources */,
				F0D376532951F9C7007503F4 /* AppDelegate.swift in Sources */,
				F0D376552951F9C7007503F4 /* SceneDelegate.swift in Sources */,
			);
			runOnlyForDeploymentPostprocessing = 0;
		};
		F0D376612951F9C8007503F4 /* Sources */ = {
			isa = PBXSourcesBuildPhase;
			buildActionMask = 2147483647;
			files = (
				F0D3766A2951F9C8007503F4 /* MyTunesTests.swift in Sources */,
			);
			runOnlyForDeploymentPostprocessing = 0;
		};
		F0D3766B2951F9C8007503F4 /* Sources */ = {
			isa = PBXSourcesBuildPhase;
			buildActionMask = 2147483647;
			files = (
				F0D376762951F9C8007503F4 /* MyTunesUITestsLaunchTests.swift in Sources */,
				F0D376742951F9C8007503F4 /* MyTunesUITests.swift in Sources */,
			);
			runOnlyForDeploymentPostprocessing = 0;
		};
		F0D376832951FD18007503F4 /* Sources */ = {
			isa = PBXSourcesBuildPhase;
			buildActionMask = 2147483647;
			files = (
				F0D3768B2951FD18007503F4 /* STNetwork.docc in Sources */,
			);
			runOnlyForDeploymentPostprocessing = 0;
		};
		F0D3768C2951FD18007503F4 /* Sources */ = {
			isa = PBXSourcesBuildPhase;
			buildActionMask = 2147483647;
			files = (
				F0D376982951FD18007503F4 /* STNetworkTests.swift in Sources */,
			);
			runOnlyForDeploymentPostprocessing = 0;
		};
		F0D376A62951FD2D007503F4 /* Sources */ = {
			isa = PBXSourcesBuildPhase;
			buildActionMask = 2147483647;
			files = (
				F0D376AE2951FD2D007503F4 /* STEntities.docc in Sources */,
			);
			runOnlyForDeploymentPostprocessing = 0;
		};
		F0D376AF2951FD2D007503F4 /* Sources */ = {
			isa = PBXSourcesBuildPhase;
			buildActionMask = 2147483647;
			files = (
				F0D376BB2951FD2D007503F4 /* STEntitiesTests.swift in Sources */,
			);
			runOnlyForDeploymentPostprocessing = 0;
		};
		F0D376C82951FD5A007503F4 /* Sources */ = {
			isa = PBXSourcesBuildPhase;
			buildActionMask = 2147483647;
			files = (
				F0D376D02951FD5A007503F4 /* STComponents.docc in Sources */,
			);
			runOnlyForDeploymentPostprocessing = 0;
		};
		F0D376D12951FD5A007503F4 /* Sources */ = {
			isa = PBXSourcesBuildPhase;
			buildActionMask = 2147483647;
			files = (
				F0D376DD2951FD5A007503F4 /* STComponentsTests.swift in Sources */,
			);
			runOnlyForDeploymentPostprocessing = 0;
		};
		F0D376EA2951FD6B007503F4 /* Sources */ = {
			isa = PBXSourcesBuildPhase;
			buildActionMask = 2147483647;
			files = (
				F0D376F22951FD6B007503F4 /* STCore.docc in Sources */,
			);
			runOnlyForDeploymentPostprocessing = 0;
		};
		F0D376F32951FD6C007503F4 /* Sources */ = {
			isa = PBXSourcesBuildPhase;
			buildActionMask = 2147483647;
			files = (
				F0D376FF2951FD6C007503F4 /* STCoreTests.swift in Sources */,
			);
			runOnlyForDeploymentPostprocessing = 0;
		};
/* End PBXSourcesBuildPhase section */

/* Begin PBXTargetDependency section */
		F0D376672951F9C8007503F4 /* PBXTargetDependency */ = {
			isa = PBXTargetDependency;
			target = F0D3764E2951F9C7007503F4 /* MyTunes */;
			targetProxy = F0D376662951F9C8007503F4 /* PBXContainerItemProxy */;
		};
		F0D376712951F9C8007503F4 /* PBXTargetDependency */ = {
			isa = PBXTargetDependency;
			target = F0D3764E2951F9C7007503F4 /* MyTunes */;
			targetProxy = F0D376702951F9C8007503F4 /* PBXContainerItemProxy */;
		};
		F0D376932951FD18007503F4 /* PBXTargetDependency */ = {
			isa = PBXTargetDependency;
			target = F0D376862951FD18007503F4 /* STNetwork */;
			targetProxy = F0D376922951FD18007503F4 /* PBXContainerItemProxy */;
		};
		F0D376952951FD18007503F4 /* PBXTargetDependency */ = {
			isa = PBXTargetDependency;
			target = F0D3764E2951F9C7007503F4 /* MyTunes */;
			targetProxy = F0D376942951FD18007503F4 /* PBXContainerItemProxy */;
		};
		F0D3769B2951FD18007503F4 /* PBXTargetDependency */ = {
			isa = PBXTargetDependency;
			target = F0D376862951FD18007503F4 /* STNetwork */;
			targetProxy = F0D3769A2951FD18007503F4 /* PBXContainerItemProxy */;
		};
		F0D376B62951FD2D007503F4 /* PBXTargetDependency */ = {
			isa = PBXTargetDependency;
			target = F0D376A92951FD2D007503F4 /* STEntities */;
			targetProxy = F0D376B52951FD2D007503F4 /* PBXContainerItemProxy */;
		};
		F0D376B82951FD2D007503F4 /* PBXTargetDependency */ = {
			isa = PBXTargetDependency;
			target = F0D3764E2951F9C7007503F4 /* MyTunes */;
			targetProxy = F0D376B72951FD2D007503F4 /* PBXContainerItemProxy */;
		};
		F0D376BE2951FD2D007503F4 /* PBXTargetDependency */ = {
			isa = PBXTargetDependency;
			target = F0D376A92951FD2D007503F4 /* STEntities */;
			targetProxy = F0D376BD2951FD2D007503F4 /* PBXContainerItemProxy */;
		};
		F0D376D82951FD5A007503F4 /* PBXTargetDependency */ = {
			isa = PBXTargetDependency;
			target = F0D376CB2951FD5A007503F4 /* STComponents */;
			targetProxy = F0D376D72951FD5A007503F4 /* PBXContainerItemProxy */;
		};
		F0D376DA2951FD5A007503F4 /* PBXTargetDependency */ = {
			isa = PBXTargetDependency;
			target = F0D3764E2951F9C7007503F4 /* MyTunes */;
			targetProxy = F0D376D92951FD5A007503F4 /* PBXContainerItemProxy */;
		};
		F0D376E02951FD5A007503F4 /* PBXTargetDependency */ = {
			isa = PBXTargetDependency;
			target = F0D376CB2951FD5A007503F4 /* STComponents */;
			targetProxy = F0D376DF2951FD5A007503F4 /* PBXContainerItemProxy */;
		};
		F0D376FA2951FD6C007503F4 /* PBXTargetDependency */ = {
			isa = PBXTargetDependency;
			target = F0D376ED2951FD6B007503F4 /* STCore */;
			targetProxy = F0D376F92951FD6C007503F4 /* PBXContainerItemProxy */;
		};
		F0D376FC2951FD6C007503F4 /* PBXTargetDependency */ = {
			isa = PBXTargetDependency;
			target = F0D3764E2951F9C7007503F4 /* MyTunes */;
			targetProxy = F0D376FB2951FD6C007503F4 /* PBXContainerItemProxy */;
		};
		F0D377022951FD6C007503F4 /* PBXTargetDependency */ = {
			isa = PBXTargetDependency;
			target = F0D376ED2951FD6B007503F4 /* STCore */;
			targetProxy = F0D377012951FD6C007503F4 /* PBXContainerItemProxy */;
		};
/* End PBXTargetDependency section */

/* Begin PBXVariantGroup section */
		F0D376582951F9C7007503F4 /* Main.storyboard */ = {
			isa = PBXVariantGroup;
			children = (
				F0D376592951F9C7007503F4 /* Base */,
			);
			name = Main.storyboard;
			sourceTree = "<group>";
		};
		F0D3765D2951F9C8007503F4 /* LaunchScreen.storyboard */ = {
			isa = PBXVariantGroup;
			children = (
				F0D3765E2951F9C8007503F4 /* Base */,
			);
			name = LaunchScreen.storyboard;
			sourceTree = "<group>";
		};
/* End PBXVariantGroup section */

/* Begin XCBuildConfiguration section */
		F0D376772951F9C8007503F4 /* Debug */ = {
			isa = XCBuildConfiguration;
			buildSettings = {
				ALWAYS_SEARCH_USER_PATHS = NO;
				CLANG_ANALYZER_NONNULL = YES;
				CLANG_ANALYZER_NUMBER_OBJECT_CONVERSION = YES_AGGRESSIVE;
				CLANG_CXX_LANGUAGE_STANDARD = "gnu++20";
				CLANG_ENABLE_MODULES = YES;
				CLANG_ENABLE_OBJC_ARC = YES;
				CLANG_ENABLE_OBJC_WEAK = YES;
				CLANG_WARN_BLOCK_CAPTURE_AUTORELEASING = YES;
				CLANG_WARN_BOOL_CONVERSION = YES;
				CLANG_WARN_COMMA = YES;
				CLANG_WARN_CONSTANT_CONVERSION = YES;
				CLANG_WARN_DEPRECATED_OBJC_IMPLEMENTATIONS = YES;
				CLANG_WARN_DIRECT_OBJC_ISA_USAGE = YES_ERROR;
				CLANG_WARN_DOCUMENTATION_COMMENTS = YES;
				CLANG_WARN_EMPTY_BODY = YES;
				CLANG_WARN_ENUM_CONVERSION = YES;
				CLANG_WARN_INFINITE_RECURSION = YES;
				CLANG_WARN_INT_CONVERSION = YES;
				CLANG_WARN_NON_LITERAL_NULL_CONVERSION = YES;
				CLANG_WARN_OBJC_IMPLICIT_RETAIN_SELF = YES;
				CLANG_WARN_OBJC_LITERAL_CONVERSION = YES;
				CLANG_WARN_OBJC_ROOT_CLASS = YES_ERROR;
				CLANG_WARN_QUOTED_INCLUDE_IN_FRAMEWORK_HEADER = YES;
				CLANG_WARN_RANGE_LOOP_ANALYSIS = YES;
				CLANG_WARN_STRICT_PROTOTYPES = YES;
				CLANG_WARN_SUSPICIOUS_MOVE = YES;
				CLANG_WARN_UNGUARDED_AVAILABILITY = YES_AGGRESSIVE;
				CLANG_WARN_UNREACHABLE_CODE = YES;
				CLANG_WARN__DUPLICATE_METHOD_MATCH = YES;
				COPY_PHASE_STRIP = NO;
				DEBUG_INFORMATION_FORMAT = dwarf;
				ENABLE_STRICT_OBJC_MSGSEND = YES;
				ENABLE_TESTABILITY = YES;
				GCC_C_LANGUAGE_STANDARD = gnu11;
				GCC_DYNAMIC_NO_PIC = NO;
				GCC_NO_COMMON_BLOCKS = YES;
				GCC_OPTIMIZATION_LEVEL = 0;
				GCC_PREPROCESSOR_DEFINITIONS = (
					"DEBUG=1",
					"$(inherited)",
				);
				GCC_WARN_64_TO_32_BIT_CONVERSION = YES;
				GCC_WARN_ABOUT_RETURN_TYPE = YES_ERROR;
				GCC_WARN_UNDECLARED_SELECTOR = YES;
				GCC_WARN_UNINITIALIZED_AUTOS = YES_AGGRESSIVE;
				GCC_WARN_UNUSED_FUNCTION = YES;
				GCC_WARN_UNUSED_VARIABLE = YES;
				IPHONEOS_DEPLOYMENT_TARGET = 16.1;
				MTL_ENABLE_DEBUG_INFO = INCLUDE_SOURCE;
				MTL_FAST_MATH = YES;
				ONLY_ACTIVE_ARCH = YES;
				SDKROOT = iphoneos;
				SWIFT_ACTIVE_COMPILATION_CONDITIONS = DEBUG;
				SWIFT_OPTIMIZATION_LEVEL = "-Onone";
			};
			name = Debug;
		};
		F0D376782951F9C8007503F4 /* Release */ = {
			isa = XCBuildConfiguration;
			buildSettings = {
				ALWAYS_SEARCH_USER_PATHS = NO;
				CLANG_ANALYZER_NONNULL = YES;
				CLANG_ANALYZER_NUMBER_OBJECT_CONVERSION = YES_AGGRESSIVE;
				CLANG_CXX_LANGUAGE_STANDARD = "gnu++20";
				CLANG_ENABLE_MODULES = YES;
				CLANG_ENABLE_OBJC_ARC = YES;
				CLANG_ENABLE_OBJC_WEAK = YES;
				CLANG_WARN_BLOCK_CAPTURE_AUTORELEASING = YES;
				CLANG_WARN_BOOL_CONVERSION = YES;
				CLANG_WARN_COMMA = YES;
				CLANG_WARN_CONSTANT_CONVERSION = YES;
				CLANG_WARN_DEPRECATED_OBJC_IMPLEMENTATIONS = YES;
				CLANG_WARN_DIRECT_OBJC_ISA_USAGE = YES_ERROR;
				CLANG_WARN_DOCUMENTATION_COMMENTS = YES;
				CLANG_WARN_EMPTY_BODY = YES;
				CLANG_WARN_ENUM_CONVERSION = YES;
				CLANG_WARN_INFINITE_RECURSION = YES;
				CLANG_WARN_INT_CONVERSION = YES;
				CLANG_WARN_NON_LITERAL_NULL_CONVERSION = YES;
				CLANG_WARN_OBJC_IMPLICIT_RETAIN_SELF = YES;
				CLANG_WARN_OBJC_LITERAL_CONVERSION = YES;
				CLANG_WARN_OBJC_ROOT_CLASS = YES_ERROR;
				CLANG_WARN_QUOTED_INCLUDE_IN_FRAMEWORK_HEADER = YES;
				CLANG_WARN_RANGE_LOOP_ANALYSIS = YES;
				CLANG_WARN_STRICT_PROTOTYPES = YES;
				CLANG_WARN_SUSPICIOUS_MOVE = YES;
				CLANG_WARN_UNGUARDED_AVAILABILITY = YES_AGGRESSIVE;
				CLANG_WARN_UNREACHABLE_CODE = YES;
				CLANG_WARN__DUPLICATE_METHOD_MATCH = YES;
				COPY_PHASE_STRIP = NO;
				DEBUG_INFORMATION_FORMAT = "dwarf-with-dsym";
				ENABLE_NS_ASSERTIONS = NO;
				ENABLE_STRICT_OBJC_MSGSEND = YES;
				GCC_C_LANGUAGE_STANDARD = gnu11;
				GCC_NO_COMMON_BLOCKS = YES;
				GCC_WARN_64_TO_32_BIT_CONVERSION = YES;
				GCC_WARN_ABOUT_RETURN_TYPE = YES_ERROR;
				GCC_WARN_UNDECLARED_SELECTOR = YES;
				GCC_WARN_UNINITIALIZED_AUTOS = YES_AGGRESSIVE;
				GCC_WARN_UNUSED_FUNCTION = YES;
				GCC_WARN_UNUSED_VARIABLE = YES;
				IPHONEOS_DEPLOYMENT_TARGET = 16.1;
				MTL_ENABLE_DEBUG_INFO = NO;
				MTL_FAST_MATH = YES;
				SDKROOT = iphoneos;
				SWIFT_COMPILATION_MODE = wholemodule;
				SWIFT_OPTIMIZATION_LEVEL = "-O";
				VALIDATE_PRODUCT = YES;
			};
			name = Release;
		};
		F0D3767A2951F9C8007503F4 /* Debug */ = {
			isa = XCBuildConfiguration;
			baseConfigurationReference = 4E66E174308CE8B749DA4AF4 /* Pods-MyTunes.debug.xcconfig */;
			buildSettings = {
				ASSETCATALOG_COMPILER_APPICON_NAME = AppIcon;
				ASSETCATALOG_COMPILER_GLOBAL_ACCENT_COLOR_NAME = AccentColor;
				CODE_SIGN_STYLE = Automatic;
				CURRENT_PROJECT_VERSION = 1;
				DEVELOPMENT_TEAM = 4GTKZHWKW2;
				GENERATE_INFOPLIST_FILE = YES;
				INFOPLIST_FILE = MyTunes/Info.plist;
				INFOPLIST_KEY_UIApplicationSupportsIndirectInputEvents = YES;
				INFOPLIST_KEY_UILaunchStoryboardName = LaunchScreen;
				INFOPLIST_KEY_UIMainStoryboardFile = Main;
				INFOPLIST_KEY_UISupportedInterfaceOrientations_iPad = "UIInterfaceOrientationPortrait UIInterfaceOrientationPortraitUpsideDown UIInterfaceOrientationLandscapeLeft UIInterfaceOrientationLandscapeRight";
				INFOPLIST_KEY_UISupportedInterfaceOrientations_iPhone = "UIInterfaceOrientationPortrait UIInterfaceOrientationLandscapeLeft UIInterfaceOrientationLandscapeRight";
				LD_RUNPATH_SEARCH_PATHS = (
					"$(inherited)",
					"@executable_path/Frameworks",
				);
				MARKETING_VERSION = 1.0;
				PRODUCT_BUNDLE_IDENTIFIER = toysemih.com.MyTunes;
				PRODUCT_NAME = "$(TARGET_NAME)";
				SWIFT_EMIT_LOC_STRINGS = YES;
				SWIFT_VERSION = 5.0;
				TARGETED_DEVICE_FAMILY = "1,2";
			};
			name = Debug;
		};
		F0D3767B2951F9C8007503F4 /* Release */ = {
			isa = XCBuildConfiguration;
			baseConfigurationReference = 389EA640F70D204493D361E4 /* Pods-MyTunes.release.xcconfig */;
			buildSettings = {
				ASSETCATALOG_COMPILER_APPICON_NAME = AppIcon;
				ASSETCATALOG_COMPILER_GLOBAL_ACCENT_COLOR_NAME = AccentColor;
				CODE_SIGN_STYLE = Automatic;
				CURRENT_PROJECT_VERSION = 1;
				DEVELOPMENT_TEAM = 4GTKZHWKW2;
				GENERATE_INFOPLIST_FILE = YES;
				INFOPLIST_FILE = MyTunes/Info.plist;
				INFOPLIST_KEY_UIApplicationSupportsIndirectInputEvents = YES;
				INFOPLIST_KEY_UILaunchStoryboardName = LaunchScreen;
				INFOPLIST_KEY_UIMainStoryboardFile = Main;
				INFOPLIST_KEY_UISupportedInterfaceOrientations_iPad = "UIInterfaceOrientationPortrait UIInterfaceOrientationPortraitUpsideDown UIInterfaceOrientationLandscapeLeft UIInterfaceOrientationLandscapeRight";
				INFOPLIST_KEY_UISupportedInterfaceOrientations_iPhone = "UIInterfaceOrientationPortrait UIInterfaceOrientationLandscapeLeft UIInterfaceOrientationLandscapeRight";
				LD_RUNPATH_SEARCH_PATHS = (
					"$(inherited)",
					"@executable_path/Frameworks",
				);
				MARKETING_VERSION = 1.0;
				PRODUCT_BUNDLE_IDENTIFIER = toysemih.com.MyTunes;
				PRODUCT_NAME = "$(TARGET_NAME)";
				SWIFT_EMIT_LOC_STRINGS = YES;
				SWIFT_VERSION = 5.0;
				TARGETED_DEVICE_FAMILY = "1,2";
			};
			name = Release;
		};
		F0D3767D2951F9C8007503F4 /* Debug */ = {
			isa = XCBuildConfiguration;
			baseConfigurationReference = 1B68F58B75B887039ECB8C40 /* Pods-MyTunesTests.debug.xcconfig */;
			buildSettings = {
				ALWAYS_EMBED_SWIFT_STANDARD_LIBRARIES = YES;
				BUNDLE_LOADER = "$(TEST_HOST)";
				CODE_SIGN_STYLE = Automatic;
				CURRENT_PROJECT_VERSION = 1;
				DEVELOPMENT_TEAM = 4GTKZHWKW2;
				GENERATE_INFOPLIST_FILE = YES;
				IPHONEOS_DEPLOYMENT_TARGET = 16.1;
				MARKETING_VERSION = 1.0;
				PRODUCT_BUNDLE_IDENTIFIER = toysemih.com.MyTunesTests;
				PRODUCT_NAME = "$(TARGET_NAME)";
				SWIFT_EMIT_LOC_STRINGS = NO;
				SWIFT_VERSION = 5.0;
				TARGETED_DEVICE_FAMILY = "1,2";
				TEST_HOST = "$(BUILT_PRODUCTS_DIR)/MyTunes.app/$(BUNDLE_EXECUTABLE_FOLDER_PATH)/MyTunes";
			};
			name = Debug;
		};
		F0D3767E2951F9C8007503F4 /* Release */ = {
			isa = XCBuildConfiguration;
			baseConfigurationReference = D01A56964A0AD87B610A8ECB /* Pods-MyTunesTests.release.xcconfig */;
			buildSettings = {
				ALWAYS_EMBED_SWIFT_STANDARD_LIBRARIES = YES;
				BUNDLE_LOADER = "$(TEST_HOST)";
				CODE_SIGN_STYLE = Automatic;
				CURRENT_PROJECT_VERSION = 1;
				DEVELOPMENT_TEAM = 4GTKZHWKW2;
				GENERATE_INFOPLIST_FILE = YES;
				IPHONEOS_DEPLOYMENT_TARGET = 16.1;
				MARKETING_VERSION = 1.0;
				PRODUCT_BUNDLE_IDENTIFIER = toysemih.com.MyTunesTests;
				PRODUCT_NAME = "$(TARGET_NAME)";
				SWIFT_EMIT_LOC_STRINGS = NO;
				SWIFT_VERSION = 5.0;
				TARGETED_DEVICE_FAMILY = "1,2";
				TEST_HOST = "$(BUILT_PRODUCTS_DIR)/MyTunes.app/$(BUNDLE_EXECUTABLE_FOLDER_PATH)/MyTunes";
			};
			name = Release;
		};
		F0D376802951F9C8007503F4 /* Debug */ = {
			isa = XCBuildConfiguration;
			baseConfigurationReference = 8E5B435773835CB8969BDCA2 /* Pods-MyTunes-MyTunesUITests.debug.xcconfig */;
			buildSettings = {
				ALWAYS_EMBED_SWIFT_STANDARD_LIBRARIES = YES;
				CODE_SIGN_STYLE = Automatic;
				CURRENT_PROJECT_VERSION = 1;
				DEVELOPMENT_TEAM = 4GTKZHWKW2;
				GENERATE_INFOPLIST_FILE = YES;
				MARKETING_VERSION = 1.0;
				PRODUCT_BUNDLE_IDENTIFIER = toysemih.com.MyTunesUITests;
				PRODUCT_NAME = "$(TARGET_NAME)";
				SWIFT_EMIT_LOC_STRINGS = NO;
				SWIFT_VERSION = 5.0;
				TARGETED_DEVICE_FAMILY = "1,2";
				TEST_TARGET_NAME = MyTunes;
			};
			name = Debug;
		};
		F0D376812951F9C8007503F4 /* Release */ = {
			isa = XCBuildConfiguration;
			baseConfigurationReference = 2540DFD11D99D94C260F78B6 /* Pods-MyTunes-MyTunesUITests.release.xcconfig */;
			buildSettings = {
				ALWAYS_EMBED_SWIFT_STANDARD_LIBRARIES = YES;
				CODE_SIGN_STYLE = Automatic;
				CURRENT_PROJECT_VERSION = 1;
				DEVELOPMENT_TEAM = 4GTKZHWKW2;
				GENERATE_INFOPLIST_FILE = YES;
				MARKETING_VERSION = 1.0;
				PRODUCT_BUNDLE_IDENTIFIER = toysemih.com.MyTunesUITests;
				PRODUCT_NAME = "$(TARGET_NAME)";
				SWIFT_EMIT_LOC_STRINGS = NO;
				SWIFT_VERSION = 5.0;
				TARGETED_DEVICE_FAMILY = "1,2";
				TEST_TARGET_NAME = MyTunes;
			};
			name = Release;
		};
		F0D3769F2951FD18007503F4 /* Debug */ = {
			isa = XCBuildConfiguration;
			buildSettings = {
				CODE_SIGN_STYLE = Automatic;
				CURRENT_PROJECT_VERSION = 1;
				DEFINES_MODULE = YES;
				DEVELOPMENT_TEAM = 4GTKZHWKW2;
				DYLIB_COMPATIBILITY_VERSION = 1;
				DYLIB_CURRENT_VERSION = 1;
				DYLIB_INSTALL_NAME_BASE = "@rpath";
				GENERATE_INFOPLIST_FILE = YES;
				INFOPLIST_KEY_NSHumanReadableCopyright = "";
				INSTALL_PATH = "$(LOCAL_LIBRARY_DIR)/Frameworks";
				LD_RUNPATH_SEARCH_PATHS = (
					"$(inherited)",
					"@executable_path/Frameworks",
					"@loader_path/Frameworks",
				);
				MARKETING_VERSION = 1.0;
				PRODUCT_BUNDLE_IDENTIFIER = toysemih.com.STNetwork;
				PRODUCT_NAME = "$(TARGET_NAME:c99extidentifier)";
				SKIP_INSTALL = YES;
				SWIFT_EMIT_LOC_STRINGS = YES;
				SWIFT_VERSION = 5.0;
				TARGETED_DEVICE_FAMILY = "1,2";
				VERSIONING_SYSTEM = "apple-generic";
				VERSION_INFO_PREFIX = "";
			};
			name = Debug;
		};
		F0D376A02951FD18007503F4 /* Release */ = {
			isa = XCBuildConfiguration;
			buildSettings = {
				CODE_SIGN_STYLE = Automatic;
				CURRENT_PROJECT_VERSION = 1;
				DEFINES_MODULE = YES;
				DEVELOPMENT_TEAM = 4GTKZHWKW2;
				DYLIB_COMPATIBILITY_VERSION = 1;
				DYLIB_CURRENT_VERSION = 1;
				DYLIB_INSTALL_NAME_BASE = "@rpath";
				GENERATE_INFOPLIST_FILE = YES;
				INFOPLIST_KEY_NSHumanReadableCopyright = "";
				INSTALL_PATH = "$(LOCAL_LIBRARY_DIR)/Frameworks";
				LD_RUNPATH_SEARCH_PATHS = (
					"$(inherited)",
					"@executable_path/Frameworks",
					"@loader_path/Frameworks",
				);
				MARKETING_VERSION = 1.0;
				PRODUCT_BUNDLE_IDENTIFIER = toysemih.com.STNetwork;
				PRODUCT_NAME = "$(TARGET_NAME:c99extidentifier)";
				SKIP_INSTALL = YES;
				SWIFT_EMIT_LOC_STRINGS = YES;
				SWIFT_VERSION = 5.0;
				TARGETED_DEVICE_FAMILY = "1,2";
				VERSIONING_SYSTEM = "apple-generic";
				VERSION_INFO_PREFIX = "";
			};
			name = Release;
		};
		F0D376A12951FD18007503F4 /* Debug */ = {
			isa = XCBuildConfiguration;
			buildSettings = {
				ALWAYS_EMBED_SWIFT_STANDARD_LIBRARIES = YES;
				CODE_SIGN_STYLE = Automatic;
				CURRENT_PROJECT_VERSION = 1;
				DEVELOPMENT_TEAM = 4GTKZHWKW2;
				GENERATE_INFOPLIST_FILE = YES;
				MARKETING_VERSION = 1.0;
				PRODUCT_BUNDLE_IDENTIFIER = toysemih.com.STNetworkTests;
				PRODUCT_NAME = "$(TARGET_NAME)";
				SWIFT_EMIT_LOC_STRINGS = NO;
				SWIFT_VERSION = 5.0;
				TARGETED_DEVICE_FAMILY = "1,2";
				TEST_HOST = "$(BUILT_PRODUCTS_DIR)/MyTunes.app/$(BUNDLE_EXECUTABLE_FOLDER_PATH)/MyTunes";
			};
			name = Debug;
		};
		F0D376A22951FD18007503F4 /* Release */ = {
			isa = XCBuildConfiguration;
			buildSettings = {
				ALWAYS_EMBED_SWIFT_STANDARD_LIBRARIES = YES;
				CODE_SIGN_STYLE = Automatic;
				CURRENT_PROJECT_VERSION = 1;
				DEVELOPMENT_TEAM = 4GTKZHWKW2;
				GENERATE_INFOPLIST_FILE = YES;
				MARKETING_VERSION = 1.0;
				PRODUCT_BUNDLE_IDENTIFIER = toysemih.com.STNetworkTests;
				PRODUCT_NAME = "$(TARGET_NAME)";
				SWIFT_EMIT_LOC_STRINGS = NO;
				SWIFT_VERSION = 5.0;
				TARGETED_DEVICE_FAMILY = "1,2";
				TEST_HOST = "$(BUILT_PRODUCTS_DIR)/MyTunes.app/$(BUNDLE_EXECUTABLE_FOLDER_PATH)/MyTunes";
			};
			name = Release;
		};
		F0D376C22951FD2D007503F4 /* Debug */ = {
			isa = XCBuildConfiguration;
			buildSettings = {
				CODE_SIGN_STYLE = Automatic;
				CURRENT_PROJECT_VERSION = 1;
				DEFINES_MODULE = YES;
				DEVELOPMENT_TEAM = 4GTKZHWKW2;
				DYLIB_COMPATIBILITY_VERSION = 1;
				DYLIB_CURRENT_VERSION = 1;
				DYLIB_INSTALL_NAME_BASE = "@rpath";
				GENERATE_INFOPLIST_FILE = YES;
				INFOPLIST_KEY_NSHumanReadableCopyright = "";
				INSTALL_PATH = "$(LOCAL_LIBRARY_DIR)/Frameworks";
				LD_RUNPATH_SEARCH_PATHS = (
					"$(inherited)",
					"@executable_path/Frameworks",
					"@loader_path/Frameworks",
				);
				MARKETING_VERSION = 1.0;
				PRODUCT_BUNDLE_IDENTIFIER = toysemih.com.STEntities;
				PRODUCT_NAME = "$(TARGET_NAME:c99extidentifier)";
				SKIP_INSTALL = YES;
				SWIFT_EMIT_LOC_STRINGS = YES;
				SWIFT_VERSION = 5.0;
				TARGETED_DEVICE_FAMILY = "1,2";
				VERSIONING_SYSTEM = "apple-generic";
				VERSION_INFO_PREFIX = "";
			};
			name = Debug;
		};
		F0D376C32951FD2D007503F4 /* Release */ = {
			isa = XCBuildConfiguration;
			buildSettings = {
				CODE_SIGN_STYLE = Automatic;
				CURRENT_PROJECT_VERSION = 1;
				DEFINES_MODULE = YES;
				DEVELOPMENT_TEAM = 4GTKZHWKW2;
				DYLIB_COMPATIBILITY_VERSION = 1;
				DYLIB_CURRENT_VERSION = 1;
				DYLIB_INSTALL_NAME_BASE = "@rpath";
				GENERATE_INFOPLIST_FILE = YES;
				INFOPLIST_KEY_NSHumanReadableCopyright = "";
				INSTALL_PATH = "$(LOCAL_LIBRARY_DIR)/Frameworks";
				LD_RUNPATH_SEARCH_PATHS = (
					"$(inherited)",
					"@executable_path/Frameworks",
					"@loader_path/Frameworks",
				);
				MARKETING_VERSION = 1.0;
				PRODUCT_BUNDLE_IDENTIFIER = toysemih.com.STEntities;
				PRODUCT_NAME = "$(TARGET_NAME:c99extidentifier)";
				SKIP_INSTALL = YES;
				SWIFT_EMIT_LOC_STRINGS = YES;
				SWIFT_VERSION = 5.0;
				TARGETED_DEVICE_FAMILY = "1,2";
				VERSIONING_SYSTEM = "apple-generic";
				VERSION_INFO_PREFIX = "";
			};
			name = Release;
		};
		F0D376C52951FD2D007503F4 /* Debug */ = {
			isa = XCBuildConfiguration;
			buildSettings = {
				ALWAYS_EMBED_SWIFT_STANDARD_LIBRARIES = YES;
				CODE_SIGN_STYLE = Automatic;
				CURRENT_PROJECT_VERSION = 1;
				DEVELOPMENT_TEAM = 4GTKZHWKW2;
				GENERATE_INFOPLIST_FILE = YES;
				MARKETING_VERSION = 1.0;
				PRODUCT_BUNDLE_IDENTIFIER = toysemih.com.STEntitiesTests;
				PRODUCT_NAME = "$(TARGET_NAME)";
				SWIFT_EMIT_LOC_STRINGS = NO;
				SWIFT_VERSION = 5.0;
				TARGETED_DEVICE_FAMILY = "1,2";
				TEST_HOST = "$(BUILT_PRODUCTS_DIR)/MyTunes.app/$(BUNDLE_EXECUTABLE_FOLDER_PATH)/MyTunes";
			};
			name = Debug;
		};
		F0D376C62951FD2D007503F4 /* Release */ = {
			isa = XCBuildConfiguration;
			buildSettings = {
				ALWAYS_EMBED_SWIFT_STANDARD_LIBRARIES = YES;
				CODE_SIGN_STYLE = Automatic;
				CURRENT_PROJECT_VERSION = 1;
				DEVELOPMENT_TEAM = 4GTKZHWKW2;
				GENERATE_INFOPLIST_FILE = YES;
				MARKETING_VERSION = 1.0;
				PRODUCT_BUNDLE_IDENTIFIER = toysemih.com.STEntitiesTests;
				PRODUCT_NAME = "$(TARGET_NAME)";
				SWIFT_EMIT_LOC_STRINGS = NO;
				SWIFT_VERSION = 5.0;
				TARGETED_DEVICE_FAMILY = "1,2";
				TEST_HOST = "$(BUILT_PRODUCTS_DIR)/MyTunes.app/$(BUNDLE_EXECUTABLE_FOLDER_PATH)/MyTunes";
			};
			name = Release;
		};
		F0D376E42951FD5A007503F4 /* Debug */ = {
			isa = XCBuildConfiguration;
			buildSettings = {
				CODE_SIGN_STYLE = Automatic;
				CURRENT_PROJECT_VERSION = 1;
				DEFINES_MODULE = YES;
				DEVELOPMENT_TEAM = 4GTKZHWKW2;
				DYLIB_COMPATIBILITY_VERSION = 1;
				DYLIB_CURRENT_VERSION = 1;
				DYLIB_INSTALL_NAME_BASE = "@rpath";
				GENERATE_INFOPLIST_FILE = YES;
				INFOPLIST_KEY_NSHumanReadableCopyright = "";
				INSTALL_PATH = "$(LOCAL_LIBRARY_DIR)/Frameworks";
				LD_RUNPATH_SEARCH_PATHS = (
					"$(inherited)",
					"@executable_path/Frameworks",
					"@loader_path/Frameworks",
				);
				MARKETING_VERSION = 1.0;
				PRODUCT_BUNDLE_IDENTIFIER = toysemih.com.STComponents;
				PRODUCT_NAME = "$(TARGET_NAME:c99extidentifier)";
				SKIP_INSTALL = YES;
				SWIFT_EMIT_LOC_STRINGS = YES;
				SWIFT_VERSION = 5.0;
				TARGETED_DEVICE_FAMILY = "1,2";
				VERSIONING_SYSTEM = "apple-generic";
				VERSION_INFO_PREFIX = "";
			};
			name = Debug;
		};
		F0D376E52951FD5A007503F4 /* Release */ = {
			isa = XCBuildConfiguration;
			buildSettings = {
				CODE_SIGN_STYLE = Automatic;
				CURRENT_PROJECT_VERSION = 1;
				DEFINES_MODULE = YES;
				DEVELOPMENT_TEAM = 4GTKZHWKW2;
				DYLIB_COMPATIBILITY_VERSION = 1;
				DYLIB_CURRENT_VERSION = 1;
				DYLIB_INSTALL_NAME_BASE = "@rpath";
				GENERATE_INFOPLIST_FILE = YES;
				INFOPLIST_KEY_NSHumanReadableCopyright = "";
				INSTALL_PATH = "$(LOCAL_LIBRARY_DIR)/Frameworks";
				LD_RUNPATH_SEARCH_PATHS = (
					"$(inherited)",
					"@executable_path/Frameworks",
					"@loader_path/Frameworks",
				);
				MARKETING_VERSION = 1.0;
				PRODUCT_BUNDLE_IDENTIFIER = toysemih.com.STComponents;
				PRODUCT_NAME = "$(TARGET_NAME:c99extidentifier)";
				SKIP_INSTALL = YES;
				SWIFT_EMIT_LOC_STRINGS = YES;
				SWIFT_VERSION = 5.0;
				TARGETED_DEVICE_FAMILY = "1,2";
				VERSIONING_SYSTEM = "apple-generic";
				VERSION_INFO_PREFIX = "";
			};
			name = Release;
		};
		F0D376E72951FD5A007503F4 /* Debug */ = {
			isa = XCBuildConfiguration;
			buildSettings = {
				ALWAYS_EMBED_SWIFT_STANDARD_LIBRARIES = YES;
				CODE_SIGN_STYLE = Automatic;
				CURRENT_PROJECT_VERSION = 1;
				DEVELOPMENT_TEAM = 4GTKZHWKW2;
				GENERATE_INFOPLIST_FILE = YES;
				MARKETING_VERSION = 1.0;
				PRODUCT_BUNDLE_IDENTIFIER = toysemih.com.STComponentsTests;
				PRODUCT_NAME = "$(TARGET_NAME)";
				SWIFT_EMIT_LOC_STRINGS = NO;
				SWIFT_VERSION = 5.0;
				TARGETED_DEVICE_FAMILY = "1,2";
				TEST_HOST = "$(BUILT_PRODUCTS_DIR)/MyTunes.app/$(BUNDLE_EXECUTABLE_FOLDER_PATH)/MyTunes";
			};
			name = Debug;
		};
		F0D376E82951FD5A007503F4 /* Release */ = {
			isa = XCBuildConfiguration;
			buildSettings = {
				ALWAYS_EMBED_SWIFT_STANDARD_LIBRARIES = YES;
				CODE_SIGN_STYLE = Automatic;
				CURRENT_PROJECT_VERSION = 1;
				DEVELOPMENT_TEAM = 4GTKZHWKW2;
				GENERATE_INFOPLIST_FILE = YES;
				MARKETING_VERSION = 1.0;
				PRODUCT_BUNDLE_IDENTIFIER = toysemih.com.STComponentsTests;
				PRODUCT_NAME = "$(TARGET_NAME)";
				SWIFT_EMIT_LOC_STRINGS = NO;
				SWIFT_VERSION = 5.0;
				TARGETED_DEVICE_FAMILY = "1,2";
				TEST_HOST = "$(BUILT_PRODUCTS_DIR)/MyTunes.app/$(BUNDLE_EXECUTABLE_FOLDER_PATH)/MyTunes";
			};
			name = Release;
		};
		F0D377062951FD6C007503F4 /* Debug */ = {
			isa = XCBuildConfiguration;
			buildSettings = {
				CODE_SIGN_STYLE = Automatic;
				CURRENT_PROJECT_VERSION = 1;
				DEFINES_MODULE = YES;
				DEVELOPMENT_TEAM = 4GTKZHWKW2;
				DYLIB_COMPATIBILITY_VERSION = 1;
				DYLIB_CURRENT_VERSION = 1;
				DYLIB_INSTALL_NAME_BASE = "@rpath";
				GENERATE_INFOPLIST_FILE = YES;
				INFOPLIST_KEY_NSHumanReadableCopyright = "";
				INSTALL_PATH = "$(LOCAL_LIBRARY_DIR)/Frameworks";
				LD_RUNPATH_SEARCH_PATHS = (
					"$(inherited)",
					"@executable_path/Frameworks",
					"@loader_path/Frameworks",
				);
				MARKETING_VERSION = 1.0;
				PRODUCT_BUNDLE_IDENTIFIER = toysemih.com.STCore;
				PRODUCT_NAME = "$(TARGET_NAME:c99extidentifier)";
				SKIP_INSTALL = YES;
				SWIFT_EMIT_LOC_STRINGS = YES;
				SWIFT_VERSION = 5.0;
				TARGETED_DEVICE_FAMILY = "1,2";
				VERSIONING_SYSTEM = "apple-generic";
				VERSION_INFO_PREFIX = "";
			};
			name = Debug;
		};
		F0D377072951FD6C007503F4 /* Release */ = {
			isa = XCBuildConfiguration;
			buildSettings = {
				CODE_SIGN_STYLE = Automatic;
				CURRENT_PROJECT_VERSION = 1;
				DEFINES_MODULE = YES;
				DEVELOPMENT_TEAM = 4GTKZHWKW2;
				DYLIB_COMPATIBILITY_VERSION = 1;
				DYLIB_CURRENT_VERSION = 1;
				DYLIB_INSTALL_NAME_BASE = "@rpath";
				GENERATE_INFOPLIST_FILE = YES;
				INFOPLIST_KEY_NSHumanReadableCopyright = "";
				INSTALL_PATH = "$(LOCAL_LIBRARY_DIR)/Frameworks";
				LD_RUNPATH_SEARCH_PATHS = (
					"$(inherited)",
					"@executable_path/Frameworks",
					"@loader_path/Frameworks",
				);
				MARKETING_VERSION = 1.0;
				PRODUCT_BUNDLE_IDENTIFIER = toysemih.com.STCore;
				PRODUCT_NAME = "$(TARGET_NAME:c99extidentifier)";
				SKIP_INSTALL = YES;
				SWIFT_EMIT_LOC_STRINGS = YES;
				SWIFT_VERSION = 5.0;
				TARGETED_DEVICE_FAMILY = "1,2";
				VERSIONING_SYSTEM = "apple-generic";
				VERSION_INFO_PREFIX = "";
			};
			name = Release;
		};
		F0D377092951FD6C007503F4 /* Debug */ = {
			isa = XCBuildConfiguration;
			buildSettings = {
				ALWAYS_EMBED_SWIFT_STANDARD_LIBRARIES = YES;
				CODE_SIGN_STYLE = Automatic;
				CURRENT_PROJECT_VERSION = 1;
				DEVELOPMENT_TEAM = 4GTKZHWKW2;
				GENERATE_INFOPLIST_FILE = YES;
				MARKETING_VERSION = 1.0;
				PRODUCT_BUNDLE_IDENTIFIER = toysemih.com.STCoreTests;
				PRODUCT_NAME = "$(TARGET_NAME)";
				SWIFT_EMIT_LOC_STRINGS = NO;
				SWIFT_VERSION = 5.0;
				TARGETED_DEVICE_FAMILY = "1,2";
				TEST_HOST = "$(BUILT_PRODUCTS_DIR)/MyTunes.app/$(BUNDLE_EXECUTABLE_FOLDER_PATH)/MyTunes";
			};
			name = Debug;
		};
		F0D3770A2951FD6C007503F4 /* Release */ = {
			isa = XCBuildConfiguration;
			buildSettings = {
				ALWAYS_EMBED_SWIFT_STANDARD_LIBRARIES = YES;
				CODE_SIGN_STYLE = Automatic;
				CURRENT_PROJECT_VERSION = 1;
				DEVELOPMENT_TEAM = 4GTKZHWKW2;
				GENERATE_INFOPLIST_FILE = YES;
				MARKETING_VERSION = 1.0;
				PRODUCT_BUNDLE_IDENTIFIER = toysemih.com.STCoreTests;
				PRODUCT_NAME = "$(TARGET_NAME)";
				SWIFT_EMIT_LOC_STRINGS = NO;
				SWIFT_VERSION = 5.0;
				TARGETED_DEVICE_FAMILY = "1,2";
				TEST_HOST = "$(BUILT_PRODUCTS_DIR)/MyTunes.app/$(BUNDLE_EXECUTABLE_FOLDER_PATH)/MyTunes";
			};
			name = Release;
		};
/* End XCBuildConfiguration section */

/* Begin XCConfigurationList section */
		F0D3764A2951F9C7007503F4 /* Build configuration list for PBXProject "MyTunes" */ = {
			isa = XCConfigurationList;
			buildConfigurations = (
				F0D376772951F9C8007503F4 /* Debug */,
				F0D376782951F9C8007503F4 /* Release */,
			);
			defaultConfigurationIsVisible = 0;
			defaultConfigurationName = Release;
		};
		F0D376792951F9C8007503F4 /* Build configuration list for PBXNativeTarget "MyTunes" */ = {
			isa = XCConfigurationList;
			buildConfigurations = (
				F0D3767A2951F9C8007503F4 /* Debug */,
				F0D3767B2951F9C8007503F4 /* Release */,
			);
			defaultConfigurationIsVisible = 0;
			defaultConfigurationName = Release;
		};
		F0D3767C2951F9C8007503F4 /* Build configuration list for PBXNativeTarget "MyTunesTests" */ = {
			isa = XCConfigurationList;
			buildConfigurations = (
				F0D3767D2951F9C8007503F4 /* Debug */,
				F0D3767E2951F9C8007503F4 /* Release */,
			);
			defaultConfigurationIsVisible = 0;
			defaultConfigurationName = Release;
		};
		F0D3767F2951F9C8007503F4 /* Build configuration list for PBXNativeTarget "MyTunesUITests" */ = {
			isa = XCConfigurationList;
			buildConfigurations = (
				F0D376802951F9C8007503F4 /* Debug */,
				F0D376812951F9C8007503F4 /* Release */,
			);
			defaultConfigurationIsVisible = 0;
			defaultConfigurationName = Release;
		};
		F0D376A32951FD18007503F4 /* Build configuration list for PBXNativeTarget "STNetwork" */ = {
			isa = XCConfigurationList;
			buildConfigurations = (
				F0D3769F2951FD18007503F4 /* Debug */,
				F0D376A02951FD18007503F4 /* Release */,
			);
			defaultConfigurationIsVisible = 0;
			defaultConfigurationName = Release;
		};
		F0D376A42951FD18007503F4 /* Build configuration list for PBXNativeTarget "STNetworkTests" */ = {
			isa = XCConfigurationList;
			buildConfigurations = (
				F0D376A12951FD18007503F4 /* Debug */,
				F0D376A22951FD18007503F4 /* Release */,
			);
			defaultConfigurationIsVisible = 0;
			defaultConfigurationName = Release;
		};
		F0D376C12951FD2D007503F4 /* Build configuration list for PBXNativeTarget "STEntities" */ = {
			isa = XCConfigurationList;
			buildConfigurations = (
				F0D376C22951FD2D007503F4 /* Debug */,
				F0D376C32951FD2D007503F4 /* Release */,
			);
			defaultConfigurationIsVisible = 0;
			defaultConfigurationName = Release;
		};
		F0D376C42951FD2D007503F4 /* Build configuration list for PBXNativeTarget "STEntitiesTests" */ = {
			isa = XCConfigurationList;
			buildConfigurations = (
				F0D376C52951FD2D007503F4 /* Debug */,
				F0D376C62951FD2D007503F4 /* Release */,
			);
			defaultConfigurationIsVisible = 0;
			defaultConfigurationName = Release;
		};
		F0D376E32951FD5A007503F4 /* Build configuration list for PBXNativeTarget "STComponents" */ = {
			isa = XCConfigurationList;
			buildConfigurations = (
				F0D376E42951FD5A007503F4 /* Debug */,
				F0D376E52951FD5A007503F4 /* Release */,
			);
			defaultConfigurationIsVisible = 0;
			defaultConfigurationName = Release;
		};
		F0D376E62951FD5A007503F4 /* Build configuration list for PBXNativeTarget "STComponentsTests" */ = {
			isa = XCConfigurationList;
			buildConfigurations = (
				F0D376E72951FD5A007503F4 /* Debug */,
				F0D376E82951FD5A007503F4 /* Release */,
			);
			defaultConfigurationIsVisible = 0;
			defaultConfigurationName = Release;
		};
		F0D377052951FD6C007503F4 /* Build configuration list for PBXNativeTarget "STCore" */ = {
			isa = XCConfigurationList;
			buildConfigurations = (
				F0D377062951FD6C007503F4 /* Debug */,
				F0D377072951FD6C007503F4 /* Release */,
			);
			defaultConfigurationIsVisible = 0;
			defaultConfigurationName = Release;
		};
		F0D377082951FD6C007503F4 /* Build configuration list for PBXNativeTarget "STCoreTests" */ = {
			isa = XCConfigurationList;
			buildConfigurations = (
				F0D377092951FD6C007503F4 /* Debug */,
				F0D3770A2951FD6C007503F4 /* Release */,
			);
			defaultConfigurationIsVisible = 0;
			defaultConfigurationName = Release;
		};
/* End XCConfigurationList section */
	};
	rootObject = F0D376472951F9C7007503F4 /* Project object */;
}
